// !$*UTF8*$!
{
	archiveVersion = 1;
	classes = {
	};
	objectVersion = 46;
	objects = {

/* Begin PBXBuildFile section */
		851985751BD0FD7500A4FCFC /* TTLFindTableViewController.m in Sources */ = {isa = PBXBuildFile; fileRef = 8519854A1BD0FD7500A4FCFC /* TTLFindTableViewController.m */; };
		851985761BD0FD7500A4FCFC /* TTLLittleTableViewController.m in Sources */ = {isa = PBXBuildFile; fileRef = 8519854D1BD0FD7500A4FCFC /* TTLLittleTableViewController.m */; };
		851985771BD0FD7500A4FCFC /* TTLMeTableViewController.m in Sources */ = {isa = PBXBuildFile; fileRef = 851985501BD0FD7500A4FCFC /* TTLMeTableViewController.m */; };
		851985781BD0FD7500A4FCFC /* TTLQiuShiViewController.m in Sources */ = {isa = PBXBuildFile; fileRef = 851985531BD0FD7500A4FCFC /* TTLQiuShiViewController.m */; };
		851985791BD0FD7500A4FCFC /* TTLQiuYouTableViewController.m in Sources */ = {isa = PBXBuildFile; fileRef = 851985561BD0FD7500A4FCFC /* TTLQiuYouTableViewController.m */; };
		8519857A1BD0FD7500A4FCFC /* TTLArticleTableViewCell.m in Sources */ = {isa = PBXBuildFile; fileRef = 851985641BD0FD7500A4FCFC /* TTLArticleTableViewCell.m */; };
		8519857B1BD0FD7500A4FCFC /* TTLEssenceTableViewCell.m in Sources */ = {isa = PBXBuildFile; fileRef = 851985671BD0FD7500A4FCFC /* TTLEssenceTableViewCell.m */; };
		8519857C1BD0FD7500A4FCFC /* TTLImageTableViewCell.m in Sources */ = {isa = PBXBuildFile; fileRef = 8519856A1BD0FD7500A4FCFC /* TTLImageTableViewCell.m */; };
		8519857D1BD0FD7500A4FCFC /* TTLNewsTableViewCell.m in Sources */ = {isa = PBXBuildFile; fileRef = 8519856D1BD0FD7500A4FCFC /* TTLNewsTableViewCell.m */; };
		8519857E1BD0FD7500A4FCFC /* TTLSpecialTableViewcell.m in Sources */ = {isa = PBXBuildFile; fileRef = 851985701BD0FD7500A4FCFC /* TTLSpecialTableViewcell.m */; };
		8519857F1BD0FD7500A4FCFC /* TTLVideoTableViewCell.m in Sources */ = {isa = PBXBuildFile; fileRef = 851985731BD0FD7500A4FCFC /* TTLVideoTableViewCell.m */; };
		851985881BD0FE5400A4FCFC /* TTLSpecialSubViewsFrame.m in Sources */ = {isa = PBXBuildFile; fileRef = 851985871BD0FE5400A4FCFC /* TTLSpecialSubViewsFrame.m */; };
		8525C35C1BCFAA2400698CCB /* AppDelegate.m in Sources */ = {isa = PBXBuildFile; fileRef = 8525C35B1BCFAA2400698CCB /* AppDelegate.m */; };
		8590FAF81BCE0F68001CCEFD /* main.m in Sources */ = {isa = PBXBuildFile; fileRef = 8590FAF71BCE0F68001CCEFD /* main.m */; };
		8590FB061BCE0F68001CCEFD /* LaunchScreen.xib in Resources */ = {isa = PBXBuildFile; fileRef = 8590FB041BCE0F68001CCEFD /* LaunchScreen.xib */; };
		8590FB121BCE0F68001CCEFD /* TTLQiuBaiTests.m in Sources */ = {isa = PBXBuildFile; fileRef = 8590FB111BCE0F68001CCEFD /* TTLQiuBaiTests.m */; };
		8590FB261BCE110B001CCEFD /* Main.storyboard in Resources */ = {isa = PBXBuildFile; fileRef = 8590FB251BCE110B001CCEFD /* Main.storyboard */; };
		8590FB281BCE1132001CCEFD /* Images.xcassets in Resources */ = {isa = PBXBuildFile; fileRef = 8590FB271BCE1132001CCEFD /* Images.xcassets */; };
/* End PBXBuildFile section */

/* Begin PBXContainerItemProxy section */
		8590FB0C1BCE0F68001CCEFD /* PBXContainerItemProxy */ = {
			isa = PBXContainerItemProxy;
			containerPortal = 8590FAEA1BCE0F67001CCEFD /* Project object */;
			proxyType = 1;
			remoteGlobalIDString = 8590FAF11BCE0F68001CCEFD;
			remoteInfo = TTLQiuBai;
		};
/* End PBXContainerItemProxy section */

/* Begin PBXFileReference section */
		851985491BD0FD7500A4FCFC /* TTLFindTableViewController.h */ = {isa = PBXFileReference; fileEncoding = 4; lastKnownFileType = sourcecode.c.h; path = TTLFindTableViewController.h; sourceTree = "<group>"; };
		8519854A1BD0FD7500A4FCFC /* TTLFindTableViewController.m */ = {isa = PBXFileReference; fileEncoding = 4; lastKnownFileType = sourcecode.c.objc; path = TTLFindTableViewController.m; sourceTree = "<group>"; };
		8519854C1BD0FD7500A4FCFC /* TTLLittleTableViewController.h */ = {isa = PBXFileReference; fileEncoding = 4; lastKnownFileType = sourcecode.c.h; path = TTLLittleTableViewController.h; sourceTree = "<group>"; };
		8519854D1BD0FD7500A4FCFC /* TTLLittleTableViewController.m */ = {isa = PBXFileReference; fileEncoding = 4; lastKnownFileType = sourcecode.c.objc; path = TTLLittleTableViewController.m; sourceTree = "<group>"; };
		8519854F1BD0FD7500A4FCFC /* TTLMeTableViewController.h */ = {isa = PBXFileReference; fileEncoding = 4; lastKnownFileType = sourcecode.c.h; path = TTLMeTableViewController.h; sourceTree = "<group>"; };
		851985501BD0FD7500A4FCFC /* TTLMeTableViewController.m */ = {isa = PBXFileReference; fileEncoding = 4; lastKnownFileType = sourcecode.c.objc; path = TTLMeTableViewController.m; sourceTree = "<group>"; };
		851985521BD0FD7500A4FCFC /* TTLQiuShiViewController.h */ = {isa = PBXFileReference; fileEncoding = 4; lastKnownFileType = sourcecode.c.h; path = TTLQiuShiViewController.h; sourceTree = "<group>"; };
		851985531BD0FD7500A4FCFC /* TTLQiuShiViewController.m */ = {isa = PBXFileReference; fileEncoding = 4; lastKnownFileType = sourcecode.c.objc; path = TTLQiuShiViewController.m; sourceTree = "<group>"; };
		851985551BD0FD7500A4FCFC /* TTLQiuYouTableViewController.h */ = {isa = PBXFileReference; fileEncoding = 4; lastKnownFileType = sourcecode.c.h; path = TTLQiuYouTableViewController.h; sourceTree = "<group>"; };
		851985561BD0FD7500A4FCFC /* TTLQiuYouTableViewController.m */ = {isa = PBXFileReference; fileEncoding = 4; lastKnownFileType = sourcecode.c.objc; path = TTLQiuYouTableViewController.m; sourceTree = "<group>"; };
		851985631BD0FD7500A4FCFC /* TTLArticleTableViewCell.h */ = {isa = PBXFileReference; fileEncoding = 4; lastKnownFileType = sourcecode.c.h; path = TTLArticleTableViewCell.h; sourceTree = "<group>"; };
		851985641BD0FD7500A4FCFC /* TTLArticleTableViewCell.m */ = {isa = PBXFileReference; fileEncoding = 4; lastKnownFileType = sourcecode.c.objc; path = TTLArticleTableViewCell.m; sourceTree = "<group>"; };
		851985661BD0FD7500A4FCFC /* TTLEssenceTableViewCell.h */ = {isa = PBXFileReference; fileEncoding = 4; lastKnownFileType = sourcecode.c.h; path = TTLEssenceTableViewCell.h; sourceTree = "<group>"; };
		851985671BD0FD7500A4FCFC /* TTLEssenceTableViewCell.m */ = {isa = PBXFileReference; fileEncoding = 4; lastKnownFileType = sourcecode.c.objc; path = TTLEssenceTableViewCell.m; sourceTree = "<group>"; };
		851985691BD0FD7500A4FCFC /* TTLImageTableViewCell.h */ = {isa = PBXFileReference; fileEncoding = 4; lastKnownFileType = sourcecode.c.h; path = TTLImageTableViewCell.h; sourceTree = "<group>"; };
		8519856A1BD0FD7500A4FCFC /* TTLImageTableViewCell.m */ = {isa = PBXFileReference; fileEncoding = 4; lastKnownFileType = sourcecode.c.objc; path = TTLImageTableViewCell.m; sourceTree = "<group>"; };
		8519856C1BD0FD7500A4FCFC /* TTLNewsTableViewCell.h */ = {isa = PBXFileReference; fileEncoding = 4; lastKnownFileType = sourcecode.c.h; path = TTLNewsTableViewCell.h; sourceTree = "<group>"; };
		8519856D1BD0FD7500A4FCFC /* TTLNewsTableViewCell.m */ = {isa = PBXFileReference; fileEncoding = 4; lastKnownFileType = sourcecode.c.objc; path = TTLNewsTableViewCell.m; sourceTree = "<group>"; };
		8519856F1BD0FD7500A4FCFC /* TTLSpecialTableViewcell.h */ = {isa = PBXFileReference; fileEncoding = 4; lastKnownFileType = sourcecode.c.h; path = TTLSpecialTableViewcell.h; sourceTree = "<group>"; };
		851985701BD0FD7500A4FCFC /* TTLSpecialTableViewcell.m */ = {isa = PBXFileReference; fileEncoding = 4; lastKnownFileType = sourcecode.c.objc; path = TTLSpecialTableViewcell.m; sourceTree = "<group>"; };
		851985721BD0FD7500A4FCFC /* TTLVideoTableViewCell.h */ = {isa = PBXFileReference; fileEncoding = 4; lastKnownFileType = sourcecode.c.h; path = TTLVideoTableViewCell.h; sourceTree = "<group>"; };
		851985731BD0FD7500A4FCFC /* TTLVideoTableViewCell.m */ = {isa = PBXFileReference; fileEncoding = 4; lastKnownFileType = sourcecode.c.objc; path = TTLVideoTableViewCell.m; sourceTree = "<group>"; };
		851985861BD0FE5400A4FCFC /* TTLSpecialSubViewsFrame.h */ = {isa = PBXFileReference; fileEncoding = 4; lastKnownFileType = sourcecode.c.h; path = TTLSpecialSubViewsFrame.h; sourceTree = "<group>"; };
		851985871BD0FE5400A4FCFC /* TTLSpecialSubViewsFrame.m */ = {isa = PBXFileReference; fileEncoding = 4; lastKnownFileType = sourcecode.c.objc; path = TTLSpecialSubViewsFrame.m; sourceTree = "<group>"; };
		8525C35A1BCFAA2400698CCB /* AppDelegate.h */ = {isa = PBXFileReference; fileEncoding = 4; lastKnownFileType = sourcecode.c.h; path = AppDelegate.h; sourceTree = "<group>"; };
		8525C35B1BCFAA2400698CCB /* AppDelegate.m */ = {isa = PBXFileReference; fileEncoding = 4; lastKnownFileType = sourcecode.c.objc; path = AppDelegate.m; sourceTree = "<group>"; };
		8590FAF21BCE0F68001CCEFD /* TTLQiuBai.app */ = {isa = PBXFileReference; explicitFileType = wrapper.application; includeInIndex = 0; path = TTLQiuBai.app; sourceTree = BUILT_PRODUCTS_DIR; };
		8590FAF61BCE0F68001CCEFD /* Info.plist */ = {isa = PBXFileReference; lastKnownFileType = text.plist.xml; path = Info.plist; sourceTree = "<group>"; };
		8590FAF71BCE0F68001CCEFD /* main.m */ = {isa = PBXFileReference; lastKnownFileType = sourcecode.c.objc; path = main.m; sourceTree = "<group>"; };
		8590FB051BCE0F68001CCEFD /* Base */ = {isa = PBXFileReference; lastKnownFileType = file.xib; name = Base; path = Base.lproj/LaunchScreen.xib; sourceTree = "<group>"; };
		8590FB0B1BCE0F68001CCEFD /* TTLQiuBaiTests.xctest */ = {isa = PBXFileReference; explicitFileType = wrapper.cfbundle; includeInIndex = 0; path = TTLQiuBaiTests.xctest; sourceTree = BUILT_PRODUCTS_DIR; };
		8590FB101BCE0F68001CCEFD /* Info.plist */ = {isa = PBXFileReference; lastKnownFileType = text.plist.xml; path = Info.plist; sourceTree = "<group>"; };
		8590FB111BCE0F68001CCEFD /* TTLQiuBaiTests.m */ = {isa = PBXFileReference; lastKnownFileType = sourcecode.c.objc; path = TTLQiuBaiTests.m; sourceTree = "<group>"; };
		8590FB251BCE110B001CCEFD /* Main.storyboard */ = {isa = PBXFileReference; fileEncoding = 4; lastKnownFileType = file.storyboard; path = Main.storyboard; sourceTree = "<group>"; };
		8590FB271BCE1132001CCEFD /* Images.xcassets */ = {isa = PBXFileReference; lastKnownFileType = folder.assetcatalog; path = Images.xcassets; sourceTree = "<group>"; };
		8590FB391BCE12B3001CCEFD /* Constant.h */ = {isa = PBXFileReference; lastKnownFileType = sourcecode.c.h; path = Constant.h; sourceTree = "<group>"; };
/* End PBXFileReference section */

/* Begin PBXFrameworksBuildPhase section */
		8590FAEF1BCE0F68001CCEFD /* Frameworks */ = {
			isa = PBXFrameworksBuildPhase;
			buildActionMask = 2147483647;
			files = (
			);
			runOnlyForDeploymentPostprocessing = 0;
		};
		8590FB081BCE0F68001CCEFD /* Frameworks */ = {
			isa = PBXFrameworksBuildPhase;
			buildActionMask = 2147483647;
			files = (
			);
			runOnlyForDeploymentPostprocessing = 0;
		};
/* End PBXFrameworksBuildPhase section */

/* Begin PBXGroup section */
		851985461BD0FD7500A4FCFC /* MVC */ = {
			isa = PBXGroup;
			children = (
				851985471BD0FD7500A4FCFC /* Controller */,
				851985571BD0FD7500A4FCFC /* Model */,
				8519855D1BD0FD7500A4FCFC /* View */,
			);
			path = MVC;
			sourceTree = "<group>";
		};
		851985471BD0FD7500A4FCFC /* Controller */ = {
			isa = PBXGroup;
			children = (
				851985481BD0FD7500A4FCFC /* Find */,
				8519854B1BD0FD7500A4FCFC /* LittleMsg */,
				8519854E1BD0FD7500A4FCFC /* Me */,
				851985511BD0FD7500A4FCFC /* QiuShi */,
				851985541BD0FD7500A4FCFC /* QiuYouQuan */,
			);
			path = Controller;
			sourceTree = "<group>";
		};
		851985481BD0FD7500A4FCFC /* Find */ = {
			isa = PBXGroup;
			children = (
				851985491BD0FD7500A4FCFC /* TTLFindTableViewController.h */,
				8519854A1BD0FD7500A4FCFC /* TTLFindTableViewController.m */,
			);
			path = Find;
			sourceTree = "<group>";
		};
		8519854B1BD0FD7500A4FCFC /* LittleMsg */ = {
			isa = PBXGroup;
			children = (
				8519854C1BD0FD7500A4FCFC /* TTLLittleTableViewController.h */,
				8519854D1BD0FD7500A4FCFC /* TTLLittleTableViewController.m */,
			);
			path = LittleMsg;
			sourceTree = "<group>";
		};
		8519854E1BD0FD7500A4FCFC /* Me */ = {
			isa = PBXGroup;
			children = (
				8519854F1BD0FD7500A4FCFC /* TTLMeTableViewController.h */,
				851985501BD0FD7500A4FCFC /* TTLMeTableViewController.m */,
			);
			path = Me;
			sourceTree = "<group>";
		};
		851985511BD0FD7500A4FCFC /* QiuShi */ = {
			isa = PBXGroup;
			children = (
				851985521BD0FD7500A4FCFC /* TTLQiuShiViewController.h */,
				851985531BD0FD7500A4FCFC /* TTLQiuShiViewController.m */,
			);
			path = QiuShi;
			sourceTree = "<group>";
		};
		851985541BD0FD7500A4FCFC /* QiuYouQuan */ = {
			isa = PBXGroup;
			children = (
				851985551BD0FD7500A4FCFC /* TTLQiuYouTableViewController.h */,
				851985561BD0FD7500A4FCFC /* TTLQiuYouTableViewController.m */,
			);
			path = QiuYouQuan;
			sourceTree = "<group>";
		};
		851985571BD0FD7500A4FCFC /* Model */ = {
			isa = PBXGroup;
			children = (
				851985581BD0FD7500A4FCFC /* Find */,
				851985591BD0FD7500A4FCFC /* LittleMsg */,
				8519855A1BD0FD7500A4FCFC /* Me */,
				8519855B1BD0FD7500A4FCFC /* QiuShi */,
				8519855C1BD0FD7500A4FCFC /* QiuYouQuan */,
			);
			path = Model;
			sourceTree = "<group>";
		};
		851985581BD0FD7500A4FCFC /* Find */ = {
			isa = PBXGroup;
			children = (
			);
			path = Find;
			sourceTree = "<group>";
		};
		851985591BD0FD7500A4FCFC /* LittleMsg */ = {
			isa = PBXGroup;
			children = (
			);
			path = LittleMsg;
			sourceTree = "<group>";
		};
		8519855A1BD0FD7500A4FCFC /* Me */ = {
			isa = PBXGroup;
			children = (
			);
			path = Me;
			sourceTree = "<group>";
		};
		8519855B1BD0FD7500A4FCFC /* QiuShi */ = {
			isa = PBXGroup;
			children = (
				851985801BD0FDCF00A4FCFC /* Article */,
				851985811BD0FDCF00A4FCFC /* Essence */,
				851985821BD0FDCF00A4FCFC /* Image */,
				851985831BD0FDCF00A4FCFC /* News */,
				851985841BD0FDCF00A4FCFC /* Special */,
				851985851BD0FDCF00A4FCFC /* Video */,
			);
			path = QiuShi;
			sourceTree = "<group>";
		};
		8519855C1BD0FD7500A4FCFC /* QiuYouQuan */ = {
			isa = PBXGroup;
			children = (
			);
			path = QiuYouQuan;
			sourceTree = "<group>";
		};
		8519855D1BD0FD7500A4FCFC /* View */ = {
			isa = PBXGroup;
			children = (
				8519855E1BD0FD7500A4FCFC /* Find */,
				8519855F1BD0FD7500A4FCFC /* LittleMsg */,
				851985601BD0FD7500A4FCFC /* Me */,
				851985611BD0FD7500A4FCFC /* QiuShi */,
				851985741BD0FD7500A4FCFC /* QiuYouQuan */,
			);
			path = View;
			sourceTree = "<group>";
		};
		8519855E1BD0FD7500A4FCFC /* Find */ = {
			isa = PBXGroup;
			children = (
			);
			path = Find;
			sourceTree = "<group>";
		};
		8519855F1BD0FD7500A4FCFC /* LittleMsg */ = {
			isa = PBXGroup;
			children = (
			);
			path = LittleMsg;
			sourceTree = "<group>";
		};
		851985601BD0FD7500A4FCFC /* Me */ = {
			isa = PBXGroup;
			children = (
			);
			path = Me;
			sourceTree = "<group>";
		};
		851985611BD0FD7500A4FCFC /* QiuShi */ = {
			isa = PBXGroup;
			children = (
				851985621BD0FD7500A4FCFC /* Article */,
				851985651BD0FD7500A4FCFC /* Essence */,
				851985681BD0FD7500A4FCFC /* Image */,
				8519856B1BD0FD7500A4FCFC /* News */,
				8519856E1BD0FD7500A4FCFC /* Special */,
				851985711BD0FD7500A4FCFC /* Video */,
			);
			path = QiuShi;
			sourceTree = "<group>";
		};
		851985621BD0FD7500A4FCFC /* Article */ = {
			isa = PBXGroup;
			children = (
				851985631BD0FD7500A4FCFC /* TTLArticleTableViewCell.h */,
				851985641BD0FD7500A4FCFC /* TTLArticleTableViewCell.m */,
			);
			path = Article;
			sourceTree = "<group>";
		};
		851985651BD0FD7500A4FCFC /* Essence */ = {
			isa = PBXGroup;
			children = (
				851985661BD0FD7500A4FCFC /* TTLEssenceTableViewCell.h */,
				851985671BD0FD7500A4FCFC /* TTLEssenceTableViewCell.m */,
			);
			path = Essence;
			sourceTree = "<group>";
		};
		851985681BD0FD7500A4FCFC /* Image */ = {
			isa = PBXGroup;
			children = (
				851985691BD0FD7500A4FCFC /* TTLImageTableViewCell.h */,
				8519856A1BD0FD7500A4FCFC /* TTLImageTableViewCell.m */,
			);
			path = Image;
			sourceTree = "<group>";
		};
		8519856B1BD0FD7500A4FCFC /* News */ = {
			isa = PBXGroup;
			children = (
				8519856C1BD0FD7500A4FCFC /* TTLNewsTableViewCell.h */,
				8519856D1BD0FD7500A4FCFC /* TTLNewsTableViewCell.m */,
			);
			path = News;
			sourceTree = "<group>";
		};
		8519856E1BD0FD7500A4FCFC /* Special */ = {
			isa = PBXGroup;
			children = (
				8519856F1BD0FD7500A4FCFC /* TTLSpecialTableViewcell.h */,
				851985701BD0FD7500A4FCFC /* TTLSpecialTableViewcell.m */,
			);
			path = Special;
			sourceTree = "<group>";
		};
		851985711BD0FD7500A4FCFC /* Video */ = {
			isa = PBXGroup;
			children = (
				851985721BD0FD7500A4FCFC /* TTLVideoTableViewCell.h */,
				851985731BD0FD7500A4FCFC /* TTLVideoTableViewCell.m */,
			);
			path = Video;
			sourceTree = "<group>";
		};
		851985741BD0FD7500A4FCFC /* QiuYouQuan */ = {
			isa = PBXGroup;
			children = (
			);
			path = QiuYouQuan;
			sourceTree = "<group>";
		};
		851985801BD0FDCF00A4FCFC /* Article */ = {
			isa = PBXGroup;
			children = (
			);
			path = Article;
			sourceTree = "<group>";
		};
		851985811BD0FDCF00A4FCFC /* Essence */ = {
			isa = PBXGroup;
			children = (
			);
			path = Essence;
			sourceTree = "<group>";
		};
		851985821BD0FDCF00A4FCFC /* Image */ = {
			isa = PBXGroup;
			children = (
			);
			path = Image;
			sourceTree = "<group>";
		};
		851985831BD0FDCF00A4FCFC /* News */ = {
			isa = PBXGroup;
			children = (
			);
			path = News;
			sourceTree = "<group>";
		};
		851985841BD0FDCF00A4FCFC /* Special */ = {
			isa = PBXGroup;
			children = (
				851985861BD0FE5400A4FCFC /* TTLSpecialSubViewsFrame.h */,
				851985871BD0FE5400A4FCFC /* TTLSpecialSubViewsFrame.m */,
			);
			path = Special;
			sourceTree = "<group>";
		};
		851985851BD0FDCF00A4FCFC /* Video */ = {
			isa = PBXGroup;
			children = (
			);
			path = Video;
			sourceTree = "<group>";
		};
		8525C3591BCFAA2400698CCB /* Delegate */ = {
			isa = PBXGroup;
			children = (
				8525C35A1BCFAA2400698CCB /* AppDelegate.h */,
				8525C35B1BCFAA2400698CCB /* AppDelegate.m */,
			);
			name = Delegate;
			path = TTLQiuBai/Delegate;
			sourceTree = SOURCE_ROOT;
		};
		8525C35D1BCFAD8F00698CCB /* TheThird */ = {
			isa = PBXGroup;
			children = (
			);
			path = TheThird;
			sourceTree = "<group>";
		};
		8590FAE91BCE0F67001CCEFD = {
			isa = PBXGroup;
			children = (
				8590FAF41BCE0F68001CCEFD /* TTLQiuBai */,
				8590FB0E1BCE0F68001CCEFD /* TTLQiuBaiTests */,
				8590FAF31BCE0F68001CCEFD /* Products */,
			);
			sourceTree = "<group>";
		};
		8590FAF31BCE0F68001CCEFD /* Products */ = {
			isa = PBXGroup;
			children = (
				8590FAF21BCE0F68001CCEFD /* TTLQiuBai.app */,
				8590FB0B1BCE0F68001CCEFD /* TTLQiuBaiTests.xctest */,
			);
			name = Products;
			sourceTree = "<group>";
		};
		8590FAF41BCE0F68001CCEFD /* TTLQiuBai */ = {
			isa = PBXGroup;
			children = (
				851985461BD0FD7500A4FCFC /* MVC */,
				8525C35D1BCFAD8F00698CCB /* TheThird */,
				8590FB381BCE12A8001CCEFD /* Common */,
				8525C3591BCFAA2400698CCB /* Delegate */,
				8590FAF51BCE0F68001CCEFD /* Supporting Files */,
			);
			path = TTLQiuBai;
			sourceTree = "<group>";
		};
		8590FAF51BCE0F68001CCEFD /* Supporting Files */ = {
			isa = PBXGroup;
			children = (
				8590FB251BCE110B001CCEFD /* Main.storyboard */,
				8590FB041BCE0F68001CCEFD /* LaunchScreen.xib */,
				8590FB271BCE1132001CCEFD /* Images.xcassets */,
				8590FAF61BCE0F68001CCEFD /* Info.plist */,
				8590FAF71BCE0F68001CCEFD /* main.m */,
			);
			name = "Supporting Files";
			sourceTree = "<group>";
		};
		8590FB0E1BCE0F68001CCEFD /* TTLQiuBaiTests */ = {
			isa = PBXGroup;
			children = (
				8590FB111BCE0F68001CCEFD /* TTLQiuBaiTests.m */,
				8590FB0F1BCE0F68001CCEFD /* Supporting Files */,
			);
			path = TTLQiuBaiTests;
			sourceTree = "<group>";
		};
		8590FB0F1BCE0F68001CCEFD /* Supporting Files */ = {
			isa = PBXGroup;
			children = (
				8590FB101BCE0F68001CCEFD /* Info.plist */,
			);
			name = "Supporting Files";
			sourceTree = "<group>";
		};
		8590FB381BCE12A8001CCEFD /* Common */ = {
			isa = PBXGroup;
			children = (
				8590FB391BCE12B3001CCEFD /* Constant.h */,
			);
			path = Common;
			sourceTree = "<group>";
		};
/* End PBXGroup section */

/* Begin PBXNativeTarget section */
		8590FAF11BCE0F68001CCEFD /* TTLQiuBai */ = {
			isa = PBXNativeTarget;
			buildConfigurationList = 8590FB151BCE0F68001CCEFD /* Build configuration list for PBXNativeTarget "TTLQiuBai" */;
			buildPhases = (
				8590FAEE1BCE0F68001CCEFD /* Sources */,
				8590FAEF1BCE0F68001CCEFD /* Frameworks */,
				8590FAF01BCE0F68001CCEFD /* Resources */,
			);
			buildRules = (
			);
			dependencies = (
			);
			name = TTLQiuBai;
			productName = TTLQiuBai;
			productReference = 8590FAF21BCE0F68001CCEFD /* TTLQiuBai.app */;
			productType = "com.apple.product-type.application";
		};
		8590FB0A1BCE0F68001CCEFD /* TTLQiuBaiTests */ = {
			isa = PBXNativeTarget;
			buildConfigurationList = 8590FB181BCE0F68001CCEFD /* Build configuration list for PBXNativeTarget "TTLQiuBaiTests" */;
			buildPhases = (
				8590FB071BCE0F68001CCEFD /* Sources */,
				8590FB081BCE0F68001CCEFD /* Frameworks */,
				8590FB091BCE0F68001CCEFD /* Resources */,
			);
			buildRules = (
			);
			dependencies = (
				8590FB0D1BCE0F68001CCEFD /* PBXTargetDependency */,
			);
			name = TTLQiuBaiTests;
			productName = TTLQiuBaiTests;
			productReference = 8590FB0B1BCE0F68001CCEFD /* TTLQiuBaiTests.xctest */;
			productType = "com.apple.product-type.bundle.unit-test";
		};
/* End PBXNativeTarget section */

/* Begin PBXProject section */
		8590FAEA1BCE0F67001CCEFD /* Project object */ = {
			isa = PBXProject;
			attributes = {
				CLASSPREFIX = TTL;
				LastUpgradeCheck = 0640;
				ORGANIZATIONNAME = TTL;
				TargetAttributes = {
					8590FAF11BCE0F68001CCEFD = {
						CreatedOnToolsVersion = 6.4;
					};
					8590FB0A1BCE0F68001CCEFD = {
						CreatedOnToolsVersion = 6.4;
						TestTargetID = 8590FAF11BCE0F68001CCEFD;
					};
				};
			};
			buildConfigurationList = 8590FAED1BCE0F67001CCEFD /* Build configuration list for PBXProject "TTLQiuBai" */;
			compatibilityVersion = "Xcode 3.2";
			developmentRegion = English;
			hasScannedForEncodings = 0;
			knownRegions = (
				en,
				Base,
			);
			mainGroup = 8590FAE91BCE0F67001CCEFD;
			productRefGroup = 8590FAF31BCE0F68001CCEFD /* Products */;
			projectDirPath = "";
			projectRoot = "";
			targets = (
				8590FAF11BCE0F68001CCEFD /* TTLQiuBai */,
				8590FB0A1BCE0F68001CCEFD /* TTLQiuBaiTests */,
			);
		};
/* End PBXProject section */

/* Begin PBXResourcesBuildPhase section */
		8590FAF01BCE0F68001CCEFD /* Resources */ = {
			isa = PBXResourcesBuildPhase;
			buildActionMask = 2147483647;
			files = (
				8590FB281BCE1132001CCEFD /* Images.xcassets in Resources */,
				8590FB261BCE110B001CCEFD /* Main.storyboard in Resources */,
				8590FB061BCE0F68001CCEFD /* LaunchScreen.xib in Resources */,
			);
			runOnlyForDeploymentPostprocessing = 0;
		};
		8590FB091BCE0F68001CCEFD /* Resources */ = {
			isa = PBXResourcesBuildPhase;
			buildActionMask = 2147483647;
			files = (
			);
			runOnlyForDeploymentPostprocessing = 0;
		};
/* End PBXResourcesBuildPhase section */

/* Begin PBXSourcesBuildPhase section */
		8590FAEE1BCE0F68001CCEFD /* Sources */ = {
			isa = PBXSourcesBuildPhase;
			buildActionMask = 2147483647;
			files = (
				8519857E1BD0FD7500A4FCFC /* TTLSpecialTableViewcell.m in Sources */,
				8590FAF81BCE0F68001CCEFD /* main.m in Sources */,
				851985751BD0FD7500A4FCFC /* TTLFindTableViewController.m in Sources */,
				851985761BD0FD7500A4FCFC /* TTLLittleTableViewController.m in Sources */,
				851985791BD0FD7500A4FCFC /* TTLQiuYouTableViewController.m in Sources */,
				851985771BD0FD7500A4FCFC /* TTLMeTableViewController.m in Sources */,
				851985881BD0FE5400A4FCFC /* TTLSpecialSubViewsFrame.m in Sources */,
				851985781BD0FD7500A4FCFC /* TTLQiuShiViewController.m in Sources */,
				8519857C1BD0FD7500A4FCFC /* TTLImageTableViewCell.m in Sources */,
				8519857F1BD0FD7500A4FCFC /* TTLVideoTableViewCell.m in Sources */,
				8525C35C1BCFAA2400698CCB /* AppDelegate.m in Sources */,
				8519857A1BD0FD7500A4FCFC /* TTLArticleTableViewCell.m in Sources */,
				8519857B1BD0FD7500A4FCFC /* TTLEssenceTableViewCell.m in Sources */,
				8519857D1BD0FD7500A4FCFC /* TTLNewsTableViewCell.m in Sources */,
			);
			runOnlyForDeploymentPostprocessing = 0;
		};
		8590FB071BCE0F68001CCEFD /* Sources */ = {
			isa = PBXSourcesBuildPhase;
			buildActionMask = 2147483647;
			files = (
				8590FB121BCE0F68001CCEFD /* TTLQiuBaiTests.m in Sources */,
			);
			runOnlyForDeploymentPostprocessing = 0;
		};
/* End PBXSourcesBuildPhase section */

/* Begin PBXTargetDependency section */
		8590FB0D1BCE0F68001CCEFD /* PBXTargetDependency */ = {
			isa = PBXTargetDependency;
			target = 8590FAF11BCE0F68001CCEFD /* TTLQiuBai */;
			targetProxy = 8590FB0C1BCE0F68001CCEFD /* PBXContainerItemProxy */;
		};
/* End PBXTargetDependency section */

/* Begin PBXVariantGroup section */
		8590FB041BCE0F68001CCEFD /* LaunchScreen.xib */ = {
			isa = PBXVariantGroup;
			children = (
				8590FB051BCE0F68001CCEFD /* Base */,
			);
			name = LaunchScreen.xib;
			sourceTree = "<group>";
		};
/* End PBXVariantGroup section */

/* Begin XCBuildConfiguration section */
		8590FB131BCE0F68001CCEFD /* Debug */ = {
			isa = XCBuildConfiguration;
			buildSettings = {
				ALWAYS_SEARCH_USER_PATHS = NO;
				CLANG_CXX_LANGUAGE_STANDARD = "gnu++0x";
				CLANG_CXX_LIBRARY = "libc++";
				CLANG_ENABLE_MODULES = YES;
				CLANG_ENABLE_OBJC_ARC = YES;
				CLANG_WARN_BOOL_CONVERSION = YES;
				CLANG_WARN_CONSTANT_CONVERSION = YES;
				CLANG_WARN_DIRECT_OBJC_ISA_USAGE = YES_ERROR;
				CLANG_WARN_EMPTY_BODY = YES;
				CLANG_WARN_ENUM_CONVERSION = YES;
				CLANG_WARN_INT_CONVERSION = YES;
				CLANG_WARN_OBJC_ROOT_CLASS = YES_ERROR;
				CLANG_WARN_UNREACHABLE_CODE = YES;
				CLANG_WARN__DUPLICATE_METHOD_MATCH = YES;
				"CODE_SIGN_IDENTITY[sdk=iphoneos*]" = "iPhone Developer";
				COPY_PHASE_STRIP = NO;
				DEBUG_INFORMATION_FORMAT = "dwarf-with-dsym";
				ENABLE_STRICT_OBJC_MSGSEND = YES;
				GCC_C_LANGUAGE_STANDARD = gnu99;
				GCC_DYNAMIC_NO_PIC = NO;
				GCC_NO_COMMON_BLOCKS = YES;
				GCC_OPTIMIZATION_LEVEL = 0;
				GCC_PREPROCESSOR_DEFINITIONS = (
					"DEBUG=1",
					"$(inherited)",
				);
				GCC_SYMBOLS_PRIVATE_EXTERN = NO;
				GCC_WARN_64_TO_32_BIT_CONVERSION = YES;
				GCC_WARN_ABOUT_RETURN_TYPE = YES_ERROR;
				GCC_WARN_UNDECLARED_SELECTOR = YES;
				GCC_WARN_UNINITIALIZED_AUTOS = YES_AGGRESSIVE;
				GCC_WARN_UNUSED_FUNCTION = YES;
				GCC_WARN_UNUSED_VARIABLE = YES;
				IPHONEOS_DEPLOYMENT_TARGET = 8.4;
				MTL_ENABLE_DEBUG_INFO = YES;
				ONLY_ACTIVE_ARCH = YES;
				SDKROOT = iphoneos;
			};
			name = Debug;
		};
		8590FB141BCE0F68001CCEFD /* Release */ = {
			isa = XCBuildConfiguration;
			buildSettings = {
				ALWAYS_SEARCH_USER_PATHS = NO;
				CLANG_CXX_LANGUAGE_STANDARD = "gnu++0x";
				CLANG_CXX_LIBRARY = "libc++";
				CLANG_ENABLE_MODULES = YES;
				CLANG_ENABLE_OBJC_ARC = YES;
				CLANG_WARN_BOOL_CONVERSION = YES;
				CLANG_WARN_CONSTANT_CONVERSION = YES;
				CLANG_WARN_DIRECT_OBJC_ISA_USAGE = YES_ERROR;
				CLANG_WARN_EMPTY_BODY = YES;
				CLANG_WARN_ENUM_CONVERSION = YES;
				CLANG_WARN_INT_CONVERSION = YES;
				CLANG_WARN_OBJC_ROOT_CLASS = YES_ERROR;
				CLANG_WARN_UNREACHABLE_CODE = YES;
				CLANG_WARN__DUPLICATE_METHOD_MATCH = YES;
				"CODE_SIGN_IDENTITY[sdk=iphoneos*]" = "iPhone Developer";
				COPY_PHASE_STRIP = NO;
				DEBUG_INFORMATION_FORMAT = "dwarf-with-dsym";
				ENABLE_NS_ASSERTIONS = NO;
				ENABLE_STRICT_OBJC_MSGSEND = YES;
				GCC_C_LANGUAGE_STANDARD = gnu99;
				GCC_NO_COMMON_BLOCKS = YES;
				GCC_WARN_64_TO_32_BIT_CONVERSION = YES;
				GCC_WARN_ABOUT_RETURN_TYPE = YES_ERROR;
				GCC_WARN_UNDECLARED_SELECTOR = YES;
				GCC_WARN_UNINITIALIZED_AUTOS = YES_AGGRESSIVE;
				GCC_WARN_UNUSED_FUNCTION = YES;
				GCC_WARN_UNUSED_VARIABLE = YES;
				IPHONEOS_DEPLOYMENT_TARGET = 8.4;
				MTL_ENABLE_DEBUG_INFO = NO;
				SDKROOT = iphoneos;
				VALIDATE_PRODUCT = YES;
			};
			name = Release;
		};
		8590FB161BCE0F68001CCEFD /* Debug */ = {
			isa = XCBuildConfiguration;
			buildSettings = {
				ASSETCATALOG_COMPILER_APPICON_NAME = AppIcon;
				INFOPLIST_FILE = TTLQiuBai/Info.plist;
				LD_RUNPATH_SEARCH_PATHS = "$(inherited) @executable_path/Frameworks";
				PRODUCT_NAME = "$(TARGET_NAME)";
			};
			name = Debug;
		};
		8590FB171BCE0F68001CCEFD /* Release */ = {
			isa = XCBuildConfiguration;
			buildSettings = {
				ASSETCATALOG_COMPILER_APPICON_NAME = AppIcon;
				INFOPLIST_FILE = TTLQiuBai/Info.plist;
				LD_RUNPATH_SEARCH_PATHS = "$(inherited) @executable_path/Frameworks";
				PRODUCT_NAME = "$(TARGET_NAME)";
			};
			name = Release;
		};
		8590FB191BCE0F68001CCEFD /* Debug */ = {
			isa = XCBuildConfiguration;
			buildSettings = {
				BUNDLE_LOADER = "$(TEST_HOST)";
				FRAMEWORK_SEARCH_PATHS = (
					"$(SDKROOT)/Developer/Library/Frameworks",
					"$(inherited)",
				);
				GCC_PREPROCESSOR_DEFINITIONS = (
					"DEBUG=1",
					"$(inherited)",
				);
				INFOPLIST_FILE = TTLQiuBaiTests/Info.plist;
				LD_RUNPATH_SEARCH_PATHS = "$(inherited) @executable_path/Frameworks @loader_path/Frameworks";
				PRODUCT_NAME = "$(TARGET_NAME)";
				TEST_HOST = "$(BUILT_PRODUCTS_DIR)/TTLQiuBai.app/TTLQiuBai";
			};
			name = Debug;
		};
		8590FB1A1BCE0F68001CCEFD /* Release */ = {
			isa = XCBuildConfiguration;
			buildSettings = {
				BUNDLE_LOADER = "$(TEST_HOST)";
				FRAMEWORK_SEARCH_PATHS = (
					"$(SDKROOT)/Developer/Library/Frameworks",
					"$(inherited)",
				);
				INFOPLIST_FILE = TTLQiuBaiTests/Info.plist;
				LD_RUNPATH_SEARCH_PATHS = "$(inherited) @executable_path/Frameworks @loader_path/Frameworks";
				PRODUCT_NAME = "$(TARGET_NAME)";
				TEST_HOST = "$(BUILT_PRODUCTS_DIR)/TTLQiuBai.app/TTLQiuBai";
			};
			name = Release;
		};
/* End XCBuildConfiguration section */

/* Begin XCConfigurationList section */
		8590FAED1BCE0F67001CCEFD /* Build configuration list for PBXProject "TTLQiuBai" */ = {
			isa = XCConfigurationList;
			buildConfigurations = (
				8590FB131BCE0F68001CCEFD /* Debug */,
				8590FB141BCE0F68001CCEFD /* Release */,
			);
			defaultConfigurationIsVisible = 0;
			defaultConfigurationName = Release;
		};
		8590FB151BCE0F68001CCEFD /* Build configuration list for PBXNativeTarget "TTLQiuBai" */ = {
			isa = XCConfigurationList;
			buildConfigurations = (
				8590FB161BCE0F68001CCEFD /* Debug */,
				8590FB171BCE0F68001CCEFD /* Release */,
			);
			defaultConfigurationIsVisible = 0;
			defaultConfigurationName = Release;
		};
		8590FB181BCE0F68001CCEFD /* Build configuration list for PBXNativeTarget "TTLQiuBaiTests" */ = {
			isa = XCConfigurationList;
			buildConfigurations = (
				8590FB191BCE0F68001CCEFD /* Debug */,
				8590FB1A1BCE0F68001CCEFD /* Release */,
			);
			defaultConfigurationIsVisible = 0;
			defaultConfigurationName = Release;
		};
/* End XCConfigurationList section */
	};
	rootObject = 8590FAEA1BCE0F67001CCEFD /* Project object */;
}
