// !$*UTF8*$!
{
	archiveVersion = 1;
	classes = {
	};
	objectVersion = 46;
	objects = {

/* Begin PBXBuildFile section */
		8525C35C1BCFAA2400698CCB /* AppDelegate.m in Sources */ = {isa = PBXBuildFile; fileRef = 8525C35B1BCFAA2400698CCB /* AppDelegate.m */; };
		8590FAF81BCE0F68001CCEFD /* main.m in Sources */ = {isa = PBXBuildFile; fileRef = 8590FAF71BCE0F68001CCEFD /* main.m */; };
		8590FB061BCE0F68001CCEFD /* LaunchScreen.xib in Resources */ = {isa = PBXBuildFile; fileRef = 8590FB041BCE0F68001CCEFD /* LaunchScreen.xib */; };
		8590FB121BCE0F68001CCEFD /* TTLQiuBaiTests.m in Sources */ = {isa = PBXBuildFile; fileRef = 8590FB111BCE0F68001CCEFD /* TTLQiuBaiTests.m */; };
		8590FB261BCE110B001CCEFD /* Main.storyboard in Resources */ = {isa = PBXBuildFile; fileRef = 8590FB251BCE110B001CCEFD /* Main.storyboard */; };
		8590FB281BCE1132001CCEFD /* Images.xcassets in Resources */ = {isa = PBXBuildFile; fileRef = 8590FB271BCE1132001CCEFD /* Images.xcassets */; };
		8590FB2B1BCE1150001CCEFD /* TTLQiuShiViewController.m in Sources */ = {isa = PBXBuildFile; fileRef = 8590FB2A1BCE1150001CCEFD /* TTLQiuShiViewController.m */; };
		8590FB2E1BCE117C001CCEFD /* TTLQiuYouTableViewController.m in Sources */ = {isa = PBXBuildFile; fileRef = 8590FB2D1BCE117C001CCEFD /* TTLQiuYouTableViewController.m */; };
		8590FB311BCE11AD001CCEFD /* TTLMeTableViewController.m in Sources */ = {isa = PBXBuildFile; fileRef = 8590FB301BCE11AD001CCEFD /* TTLMeTableViewController.m */; };
		8590FB341BCE11CA001CCEFD /* TTLFindTableViewController.m in Sources */ = {isa = PBXBuildFile; fileRef = 8590FB331BCE11CA001CCEFD /* TTLFindTableViewController.m */; };
		8590FB371BCE11EA001CCEFD /* TTLLittleTableViewController.m in Sources */ = {isa = PBXBuildFile; fileRef = 8590FB361BCE11EA001CCEFD /* TTLLittleTableViewController.m */; };
/* End PBXBuildFile section */

/* Begin PBXContainerItemProxy section */
		8590FB0C1BCE0F68001CCEFD /* PBXContainerItemProxy */ = {
			isa = PBXContainerItemProxy;
			containerPortal = 8590FAEA1BCE0F67001CCEFD /* Project object */;
			proxyType = 1;
			remoteGlobalIDString = 8590FAF11BCE0F68001CCEFD;
			remoteInfo = TTLQiuBai;
		};
/* End PBXContainerItemProxy section */

/* Begin PBXFileReference section */
		8525C35A1BCFAA2400698CCB /* AppDelegate.h */ = {isa = PBXFileReference; fileEncoding = 4; lastKnownFileType = sourcecode.c.h; path = AppDelegate.h; sourceTree = "<group>"; };
		8525C35B1BCFAA2400698CCB /* AppDelegate.m */ = {isa = PBXFileReference; fileEncoding = 4; lastKnownFileType = sourcecode.c.objc; path = AppDelegate.m; sourceTree = "<group>"; };
		8590FAF21BCE0F68001CCEFD /* TTLQiuBai.app */ = {isa = PBXFileReference; explicitFileType = wrapper.application; includeInIndex = 0; path = TTLQiuBai.app; sourceTree = BUILT_PRODUCTS_DIR; };
		8590FAF61BCE0F68001CCEFD /* Info.plist */ = {isa = PBXFileReference; lastKnownFileType = text.plist.xml; path = Info.plist; sourceTree = "<group>"; };
		8590FAF71BCE0F68001CCEFD /* main.m */ = {isa = PBXFileReference; lastKnownFileType = sourcecode.c.objc; path = main.m; sourceTree = "<group>"; };
		8590FB051BCE0F68001CCEFD /* Base */ = {isa = PBXFileReference; lastKnownFileType = file.xib; name = Base; path = Base.lproj/LaunchScreen.xib; sourceTree = "<group>"; };
		8590FB0B1BCE0F68001CCEFD /* TTLQiuBaiTests.xctest */ = {isa = PBXFileReference; explicitFileType = wrapper.cfbundle; includeInIndex = 0; path = TTLQiuBaiTests.xctest; sourceTree = BUILT_PRODUCTS_DIR; };
		8590FB101BCE0F68001CCEFD /* Info.plist */ = {isa = PBXFileReference; lastKnownFileType = text.plist.xml; path = Info.plist; sourceTree = "<group>"; };
		8590FB111BCE0F68001CCEFD /* TTLQiuBaiTests.m */ = {isa = PBXFileReference; lastKnownFileType = sourcecode.c.objc; path = TTLQiuBaiTests.m; sourceTree = "<group>"; };
		8590FB251BCE110B001CCEFD /* Main.storyboard */ = {isa = PBXFileReference; fileEncoding = 4; lastKnownFileType = file.storyboard; path = Main.storyboard; sourceTree = "<group>"; };
		8590FB271BCE1132001CCEFD /* Images.xcassets */ = {isa = PBXFileReference; lastKnownFileType = folder.assetcatalog; path = Images.xcassets; sourceTree = "<group>"; };
		8590FB291BCE1150001CCEFD /* TTLQiuShiViewController.h */ = {isa = PBXFileReference; fileEncoding = 4; lastKnownFileType = sourcecode.c.h; path = TTLQiuShiViewController.h; sourceTree = "<group>"; };
		8590FB2A1BCE1150001CCEFD /* TTLQiuShiViewController.m */ = {isa = PBXFileReference; fileEncoding = 4; lastKnownFileType = sourcecode.c.objc; path = TTLQiuShiViewController.m; sourceTree = "<group>"; };
		8590FB2C1BCE117C001CCEFD /* TTLQiuYouTableViewController.h */ = {isa = PBXFileReference; fileEncoding = 4; lastKnownFileType = sourcecode.c.h; path = TTLQiuYouTableViewController.h; sourceTree = "<group>"; };
		8590FB2D1BCE117C001CCEFD /* TTLQiuYouTableViewController.m */ = {isa = PBXFileReference; fileEncoding = 4; lastKnownFileType = sourcecode.c.objc; path = TTLQiuYouTableViewController.m; sourceTree = "<group>"; };
		8590FB2F1BCE11AD001CCEFD /* TTLMeTableViewController.h */ = {isa = PBXFileReference; fileEncoding = 4; lastKnownFileType = sourcecode.c.h; path = TTLMeTableViewController.h; sourceTree = "<group>"; };
		8590FB301BCE11AD001CCEFD /* TTLMeTableViewController.m */ = {isa = PBXFileReference; fileEncoding = 4; lastKnownFileType = sourcecode.c.objc; path = TTLMeTableViewController.m; sourceTree = "<group>"; };
		8590FB321BCE11CA001CCEFD /* TTLFindTableViewController.h */ = {isa = PBXFileReference; fileEncoding = 4; lastKnownFileType = sourcecode.c.h; path = TTLFindTableViewController.h; sourceTree = "<group>"; };
		8590FB331BCE11CA001CCEFD /* TTLFindTableViewController.m */ = {isa = PBXFileReference; fileEncoding = 4; lastKnownFileType = sourcecode.c.objc; path = TTLFindTableViewController.m; sourceTree = "<group>"; };
		8590FB351BCE11EA001CCEFD /* TTLLittleTableViewController.h */ = {isa = PBXFileReference; fileEncoding = 4; lastKnownFileType = sourcecode.c.h; path = TTLLittleTableViewController.h; sourceTree = "<group>"; };
		8590FB361BCE11EA001CCEFD /* TTLLittleTableViewController.m */ = {isa = PBXFileReference; fileEncoding = 4; lastKnownFileType = sourcecode.c.objc; path = TTLLittleTableViewController.m; sourceTree = "<group>"; };
		8590FB391BCE12B3001CCEFD /* Constant.h */ = {isa = PBXFileReference; lastKnownFileType = sourcecode.c.h; path = Constant.h; sourceTree = "<group>"; };
/* End PBXFileReference section */

/* Begin PBXFrameworksBuildPhase section */
		8590FAEF1BCE0F68001CCEFD /* Frameworks */ = {
			isa = PBXFrameworksBuildPhase;
			buildActionMask = 2147483647;
			files = (
			);
			runOnlyForDeploymentPostprocessing = 0;
		};
		8590FB081BCE0F68001CCEFD /* Frameworks */ = {
			isa = PBXFrameworksBuildPhase;
			buildActionMask = 2147483647;
			files = (
			);
			runOnlyForDeploymentPostprocessing = 0;
		};
/* End PBXFrameworksBuildPhase section */

/* Begin PBXGroup section */
		8525C3591BCFAA2400698CCB /* Delegate */ = {
			isa = PBXGroup;
			children = (
				8525C35A1BCFAA2400698CCB /* AppDelegate.h */,
				8525C35B1BCFAA2400698CCB /* AppDelegate.m */,
			);
			name = Delegate;
			path = TTLQiuBai/Delegate;
			sourceTree = SOURCE_ROOT;
		};
		8525C35D1BCFAD8F00698CCB /* TheThird */ = {
			isa = PBXGroup;
			children = (
			);
			path = TheThird;
			sourceTree = "<group>";
		};
		8525C3601BCFAE7A00698CCB /* Model */ = {
			isa = PBXGroup;
			children = (
				8525C3611BCFAE7A00698CCB /* Find */,
				8525C3621BCFAE7A00698CCB /* LittleMsg */,
				8525C3631BCFAE7A00698CCB /* Me */,
				8525C3641BCFAE7A00698CCB /* QiuShi */,
				8525C3651BCFAE7A00698CCB /* QiuYouQuan */,
			);
			path = Model;
			sourceTree = "<group>";
		};
		8525C3611BCFAE7A00698CCB /* Find */ = {
			isa = PBXGroup;
			children = (
			);
			path = Find;
			sourceTree = "<group>";
		};
		8525C3621BCFAE7A00698CCB /* LittleMsg */ = {
			isa = PBXGroup;
			children = (
			);
			path = LittleMsg;
			sourceTree = "<group>";
		};
		8525C3631BCFAE7A00698CCB /* Me */ = {
			isa = PBXGroup;
			children = (
			);
			path = Me;
			sourceTree = "<group>";
		};
		8525C3641BCFAE7A00698CCB /* QiuShi */ = {
			isa = PBXGroup;
			children = (
			);
			path = QiuShi;
			sourceTree = "<group>";
		};
		8525C3651BCFAE7A00698CCB /* QiuYouQuan */ = {
			isa = PBXGroup;
			children = (
			);
			path = QiuYouQuan;
			sourceTree = "<group>";
		};
		8525C3661BCFAE7A00698CCB /* View */ = {
			isa = PBXGroup;
			children = (
				8525C3671BCFAE7A00698CCB /* Find */,
				8525C3681BCFAE7A00698CCB /* LittleMsg */,
				8525C3691BCFAE7A00698CCB /* Me */,
				8525C36A1BCFAE7A00698CCB /* QiuShi */,
				8525C36B1BCFAE7A00698CCB /* QiuYouQuan */,
			);
			path = View;
			sourceTree = "<group>";
		};
		8525C3671BCFAE7A00698CCB /* Find */ = {
			isa = PBXGroup;
			children = (
			);
			path = Find;
			sourceTree = "<group>";
		};
		8525C3681BCFAE7A00698CCB /* LittleMsg */ = {
			isa = PBXGroup;
			children = (
			);
			path = LittleMsg;
			sourceTree = "<group>";
		};
		8525C3691BCFAE7A00698CCB /* Me */ = {
			isa = PBXGroup;
			children = (
			);
			path = Me;
			sourceTree = "<group>";
		};
		8525C36A1BCFAE7A00698CCB /* QiuShi */ = {
			isa = PBXGroup;
			children = (
			);
			path = QiuShi;
			sourceTree = "<group>";
		};
		8525C36B1BCFAE7A00698CCB /* QiuYouQuan */ = {
			isa = PBXGroup;
			children = (
			);
			path = QiuYouQuan;
			sourceTree = "<group>";
		};
		8590FAE91BCE0F67001CCEFD = {
			isa = PBXGroup;
			children = (
				8590FAF41BCE0F68001CCEFD /* TTLQiuBai */,
				8590FB0E1BCE0F68001CCEFD /* TTLQiuBaiTests */,
				8590FAF31BCE0F68001CCEFD /* Products */,
			);
			sourceTree = "<group>";
		};
		8590FAF31BCE0F68001CCEFD /* Products */ = {
			isa = PBXGroup;
			children = (
				8590FAF21BCE0F68001CCEFD /* TTLQiuBai.app */,
				8590FB0B1BCE0F68001CCEFD /* TTLQiuBaiTests.xctest */,
			);
			name = Products;
			sourceTree = "<group>";
		};
		8590FAF41BCE0F68001CCEFD /* TTLQiuBai */ = {
			isa = PBXGroup;
			children = (
				8525C3601BCFAE7A00698CCB /* Model */,
				8525C3661BCFAE7A00698CCB /* View */,
				8525C35D1BCFAD8F00698CCB /* TheThird */,
				8590FB381BCE12A8001CCEFD /* Common */,
				8590FB1F1BCE10E6001CCEFD /* Controller */,
				8525C3591BCFAA2400698CCB /* Delegate */,
				8590FAF51BCE0F68001CCEFD /* Supporting Files */,
			);
			path = TTLQiuBai;
			sourceTree = "<group>";
		};
		8590FAF51BCE0F68001CCEFD /* Supporting Files */ = {
			isa = PBXGroup;
			children = (
				8590FB251BCE110B001CCEFD /* Main.storyboard */,
				8590FB041BCE0F68001CCEFD /* LaunchScreen.xib */,
				8590FB271BCE1132001CCEFD /* Images.xcassets */,
				8590FAF61BCE0F68001CCEFD /* Info.plist */,
				8590FAF71BCE0F68001CCEFD /* main.m */,
			);
			name = "Supporting Files";
			sourceTree = "<group>";
		};
		8590FB0E1BCE0F68001CCEFD /* TTLQiuBaiTests */ = {
			isa = PBXGroup;
			children = (
				8590FB111BCE0F68001CCEFD /* TTLQiuBaiTests.m */,
				8590FB0F1BCE0F68001CCEFD /* Supporting Files */,
			);
			path = TTLQiuBaiTests;
			sourceTree = "<group>";
		};
		8590FB0F1BCE0F68001CCEFD /* Supporting Files */ = {
			isa = PBXGroup;
			children = (
				8590FB101BCE0F68001CCEFD /* Info.plist */,
			);
			name = "Supporting Files";
			sourceTree = "<group>";
		};
		8590FB1F1BCE10E6001CCEFD /* Controller */ = {
			isa = PBXGroup;
			children = (
				8590FB201BCE10E6001CCEFD /* Find */,
				8590FB211BCE10E6001CCEFD /* LittleMsg */,
				8590FB221BCE10E6001CCEFD /* Me */,
				8590FB231BCE10E6001CCEFD /* QiuShi */,
				8590FB241BCE10E6001CCEFD /* QiuYouQuan */,
			);
			path = Controller;
			sourceTree = "<group>";
		};
		8590FB201BCE10E6001CCEFD /* Find */ = {
			isa = PBXGroup;
			children = (
				8590FB321BCE11CA001CCEFD /* TTLFindTableViewController.h */,
				8590FB331BCE11CA001CCEFD /* TTLFindTableViewController.m */,
			);
			path = Find;
			sourceTree = "<group>";
		};
		8590FB211BCE10E6001CCEFD /* LittleMsg */ = {
			isa = PBXGroup;
			children = (
				8590FB351BCE11EA001CCEFD /* TTLLittleTableViewController.h */,
				8590FB361BCE11EA001CCEFD /* TTLLittleTableViewController.m */,
			);
			path = LittleMsg;
			sourceTree = "<group>";
		};
		8590FB221BCE10E6001CCEFD /* Me */ = {
			isa = PBXGroup;
			children = (
				8590FB2F1BCE11AD001CCEFD /* TTLMeTableViewController.h */,
				8590FB301BCE11AD001CCEFD /* TTLMeTableViewController.m */,
			);
			path = Me;
			sourceTree = "<group>";
		};
		8590FB231BCE10E6001CCEFD /* QiuShi */ = {
			isa = PBXGroup;
			children = (
				8590FB291BCE1150001CCEFD /* TTLQiuShiViewController.h */,
				8590FB2A1BCE1150001CCEFD /* TTLQiuShiViewController.m */,
			);
			path = QiuShi;
			sourceTree = "<group>";
		};
		8590FB241BCE10E6001CCEFD /* QiuYouQuan */ = {
			isa = PBXGroup;
			children = (
				8590FB2C1BCE117C001CCEFD /* TTLQiuYouTableViewController.h */,
				8590FB2D1BCE117C001CCEFD /* TTLQiuYouTableViewController.m */,
			);
			path = QiuYouQuan;
			sourceTree = "<group>";
		};
		8590FB381BCE12A8001CCEFD /* Common */ = {
			isa = PBXGroup;
			children = (
				8590FB391BCE12B3001CCEFD /* Constant.h */,
			);
			path = Common;
			sourceTree = "<group>";
		};
/* End PBXGroup section */

/* Begin PBXNativeTarget section */
		8590FAF11BCE0F68001CCEFD /* TTLQiuBai */ = {
			isa = PBXNativeTarget;
			buildConfigurationList = 8590FB151BCE0F68001CCEFD /* Build configuration list for PBXNativeTarget "TTLQiuBai" */;
			buildPhases = (
				8590FAEE1BCE0F68001CCEFD /* Sources */,
				8590FAEF1BCE0F68001CCEFD /* Frameworks */,
				8590FAF01BCE0F68001CCEFD /* Resources */,
			);
			buildRules = (
			);
			dependencies = (
			);
			name = TTLQiuBai;
			productName = TTLQiuBai;
			productReference = 8590FAF21BCE0F68001CCEFD /* TTLQiuBai.app */;
			productType = "com.apple.product-type.application";
		};
		8590FB0A1BCE0F68001CCEFD /* TTLQiuBaiTests */ = {
			isa = PBXNativeTarget;
			buildConfigurationList = 8590FB181BCE0F68001CCEFD /* Build configuration list for PBXNativeTarget "TTLQiuBaiTests" */;
			buildPhases = (
				8590FB071BCE0F68001CCEFD /* Sources */,
				8590FB081BCE0F68001CCEFD /* Frameworks */,
				8590FB091BCE0F68001CCEFD /* Resources */,
			);
			buildRules = (
			);
			dependencies = (
				8590FB0D1BCE0F68001CCEFD /* PBXTargetDependency */,
			);
			name = TTLQiuBaiTests;
			productName = TTLQiuBaiTests;
			productReference = 8590FB0B1BCE0F68001CCEFD /* TTLQiuBaiTests.xctest */;
			productType = "com.apple.product-type.bundle.unit-test";
		};
/* End PBXNativeTarget section */

/* Begin PBXProject section */
		8590FAEA1BCE0F67001CCEFD /* Project object */ = {
			isa = PBXProject;
			attributes = {
				CLASSPREFIX = TTL;
				LastUpgradeCheck = 0640;
				ORGANIZATIONNAME = TTL;
				TargetAttributes = {
					8590FAF11BCE0F68001CCEFD = {
						CreatedOnToolsVersion = 6.4;
					};
					8590FB0A1BCE0F68001CCEFD = {
						CreatedOnToolsVersion = 6.4;
						TestTargetID = 8590FAF11BCE0F68001CCEFD;
					};
				};
			};
			buildConfigurationList = 8590FAED1BCE0F67001CCEFD /* Build configuration list for PBXProject "TTLQiuBai" */;
			compatibilityVersion = "Xcode 3.2";
			developmentRegion = English;
			hasScannedForEncodings = 0;
			knownRegions = (
				en,
				Base,
			);
			mainGroup = 8590FAE91BCE0F67001CCEFD;
			productRefGroup = 8590FAF31BCE0F68001CCEFD /* Products */;
			projectDirPath = "";
			projectRoot = "";
			targets = (
				8590FAF11BCE0F68001CCEFD /* TTLQiuBai */,
				8590FB0A1BCE0F68001CCEFD /* TTLQiuBaiTests */,
			);
		};
/* End PBXProject section */

/* Begin PBXResourcesBuildPhase section */
		8590FAF01BCE0F68001CCEFD /* Resources */ = {
			isa = PBXResourcesBuildPhase;
			buildActionMask = 2147483647;
			files = (
				8590FB281BCE1132001CCEFD /* Images.xcassets in Resources */,
				8590FB261BCE110B001CCEFD /* Main.storyboard in Resources */,
				8590FB061BCE0F68001CCEFD /* LaunchScreen.xib in Resources */,
			);
			runOnlyForDeploymentPostprocessing = 0;
		};
		8590FB091BCE0F68001CCEFD /* Resources */ = {
			isa = PBXResourcesBuildPhase;
			buildActionMask = 2147483647;
			files = (
			);
			runOnlyForDeploymentPostprocessing = 0;
		};
/* End PBXResourcesBuildPhase section */

/* Begin PBXSourcesBuildPhase section */
		8590FAEE1BCE0F68001CCEFD /* Sources */ = {
			isa = PBXSourcesBuildPhase;
			buildActionMask = 2147483647;
			files = (
				8590FB2E1BCE117C001CCEFD /* TTLQiuYouTableViewController.m in Sources */,
				8590FB341BCE11CA001CCEFD /* TTLFindTableViewController.m in Sources */,
				8590FB371BCE11EA001CCEFD /* TTLLittleTableViewController.m in Sources */,
				8590FB2B1BCE1150001CCEFD /* TTLQiuShiViewController.m in Sources */,
				8590FB311BCE11AD001CCEFD /* TTLMeTableViewController.m in Sources */,
				8590FAF81BCE0F68001CCEFD /* main.m in Sources */,
				8525C35C1BCFAA2400698CCB /* AppDelegate.m in Sources */,
			);
			runOnlyForDeploymentPostprocessing = 0;
		};
		8590FB071BCE0F68001CCEFD /* Sources */ = {
			isa = PBXSourcesBuildPhase;
			buildActionMask = 2147483647;
			files = (
				8590FB121BCE0F68001CCEFD /* TTLQiuBaiTests.m in Sources */,
			);
			runOnlyForDeploymentPostprocessing = 0;
		};
/* End PBXSourcesBuildPhase section */

/* Begin PBXTargetDependency section */
		8590FB0D1BCE0F68001CCEFD /* PBXTargetDependency */ = {
			isa = PBXTargetDependency;
			target = 8590FAF11BCE0F68001CCEFD /* TTLQiuBai */;
			targetProxy = 8590FB0C1BCE0F68001CCEFD /* PBXContainerItemProxy */;
		};
/* End PBXTargetDependency section */

/* Begin PBXVariantGroup section */
		8590FB041BCE0F68001CCEFD /* LaunchScreen.xib */ = {
			isa = PBXVariantGroup;
			children = (
				8590FB051BCE0F68001CCEFD /* Base */,
			);
			name = LaunchScreen.xib;
			sourceTree = "<group>";
		};
/* End PBXVariantGroup section */

/* Begin XCBuildConfiguration section */
		8590FB131BCE0F68001CCEFD /* Debug */ = {
			isa = XCBuildConfiguration;
			buildSettings = {
				ALWAYS_SEARCH_USER_PATHS = NO;
				CLANG_CXX_LANGUAGE_STANDARD = "gnu++0x";
				CLANG_CXX_LIBRARY = "libc++";
				CLANG_ENABLE_MODULES = YES;
				CLANG_ENABLE_OBJC_ARC = YES;
				CLANG_WARN_BOOL_CONVERSION = YES;
				CLANG_WARN_CONSTANT_CONVERSION = YES;
				CLANG_WARN_DIRECT_OBJC_ISA_USAGE = YES_ERROR;
				CLANG_WARN_EMPTY_BODY = YES;
				CLANG_WARN_ENUM_CONVERSION = YES;
				CLANG_WARN_INT_CONVERSION = YES;
				CLANG_WARN_OBJC_ROOT_CLASS = YES_ERROR;
				CLANG_WARN_UNREACHABLE_CODE = YES;
				CLANG_WARN__DUPLICATE_METHOD_MATCH = YES;
				"CODE_SIGN_IDENTITY[sdk=iphoneos*]" = "iPhone Developer";
				COPY_PHASE_STRIP = NO;
				DEBUG_INFORMATION_FORMAT = "dwarf-with-dsym";
				ENABLE_STRICT_OBJC_MSGSEND = YES;
				GCC_C_LANGUAGE_STANDARD = gnu99;
				GCC_DYNAMIC_NO_PIC = NO;
				GCC_NO_COMMON_BLOCKS = YES;
				GCC_OPTIMIZATION_LEVEL = 0;
				GCC_PREPROCESSOR_DEFINITIONS = (
					"DEBUG=1",
					"$(inherited)",
				);
				GCC_SYMBOLS_PRIVATE_EXTERN = NO;
				GCC_WARN_64_TO_32_BIT_CONVERSION = YES;
				GCC_WARN_ABOUT_RETURN_TYPE = YES_ERROR;
				GCC_WARN_UNDECLARED_SELECTOR = YES;
				GCC_WARN_UNINITIALIZED_AUTOS = YES_AGGRESSIVE;
				GCC_WARN_UNUSED_FUNCTION = YES;
				GCC_WARN_UNUSED_VARIABLE = YES;
				IPHONEOS_DEPLOYMENT_TARGET = 8.4;
				MTL_ENABLE_DEBUG_INFO = YES;
				ONLY_ACTIVE_ARCH = YES;
				SDKROOT = iphoneos;
			};
			name = Debug;
		};
		8590FB141BCE0F68001CCEFD /* Release */ = {
			isa = XCBuildConfiguration;
			buildSettings = {
				ALWAYS_SEARCH_USER_PATHS = NO;
				CLANG_CXX_LANGUAGE_STANDARD = "gnu++0x";
				CLANG_CXX_LIBRARY = "libc++";
				CLANG_ENABLE_MODULES = YES;
				CLANG_ENABLE_OBJC_ARC = YES;
				CLANG_WARN_BOOL_CONVERSION = YES;
				CLANG_WARN_CONSTANT_CONVERSION = YES;
				CLANG_WARN_DIRECT_OBJC_ISA_USAGE = YES_ERROR;
				CLANG_WARN_EMPTY_BODY = YES;
				CLANG_WARN_ENUM_CONVERSION = YES;
				CLANG_WARN_INT_CONVERSION = YES;
				CLANG_WARN_OBJC_ROOT_CLASS = YES_ERROR;
				CLANG_WARN_UNREACHABLE_CODE = YES;
				CLANG_WARN__DUPLICATE_METHOD_MATCH = YES;
				"CODE_SIGN_IDENTITY[sdk=iphoneos*]" = "iPhone Developer";
				COPY_PHASE_STRIP = NO;
				DEBUG_INFORMATION_FORMAT = "dwarf-with-dsym";
				ENABLE_NS_ASSERTIONS = NO;
				ENABLE_STRICT_OBJC_MSGSEND = YES;
				GCC_C_LANGUAGE_STANDARD = gnu99;
				GCC_NO_COMMON_BLOCKS = YES;
				GCC_WARN_64_TO_32_BIT_CONVERSION = YES;
				GCC_WARN_ABOUT_RETURN_TYPE = YES_ERROR;
				GCC_WARN_UNDECLARED_SELECTOR = YES;
				GCC_WARN_UNINITIALIZED_AUTOS = YES_AGGRESSIVE;
				GCC_WARN_UNUSED_FUNCTION = YES;
				GCC_WARN_UNUSED_VARIABLE = YES;
				IPHONEOS_DEPLOYMENT_TARGET = 8.4;
				MTL_ENABLE_DEBUG_INFO = NO;
				SDKROOT = iphoneos;
				VALIDATE_PRODUCT = YES;
			};
			name = Release;
		};
		8590FB161BCE0F68001CCEFD /* Debug */ = {
			isa = XCBuildConfiguration;
			buildSettings = {
				ASSETCATALOG_COMPILER_APPICON_NAME = AppIcon;
				INFOPLIST_FILE = TTLQiuBai/Info.plist;
				LD_RUNPATH_SEARCH_PATHS = "$(inherited) @executable_path/Frameworks";
				PRODUCT_NAME = "$(TARGET_NAME)";
			};
			name = Debug;
		};
		8590FB171BCE0F68001CCEFD /* Release */ = {
			isa = XCBuildConfiguration;
			buildSettings = {
				ASSETCATALOG_COMPILER_APPICON_NAME = AppIcon;
				INFOPLIST_FILE = TTLQiuBai/Info.plist;
				LD_RUNPATH_SEARCH_PATHS = "$(inherited) @executable_path/Frameworks";
				PRODUCT_NAME = "$(TARGET_NAME)";
			};
			name = Release;
		};
		8590FB191BCE0F68001CCEFD /* Debug */ = {
			isa = XCBuildConfiguration;
			buildSettings = {
				BUNDLE_LOADER = "$(TEST_HOST)";
				FRAMEWORK_SEARCH_PATHS = (
					"$(SDKROOT)/Developer/Library/Frameworks",
					"$(inherited)",
				);
				GCC_PREPROCESSOR_DEFINITIONS = (
					"DEBUG=1",
					"$(inherited)",
				);
				INFOPLIST_FILE = TTLQiuBaiTests/Info.plist;
				LD_RUNPATH_SEARCH_PATHS = "$(inherited) @executable_path/Frameworks @loader_path/Frameworks";
				PRODUCT_NAME = "$(TARGET_NAME)";
				TEST_HOST = "$(BUILT_PRODUCTS_DIR)/TTLQiuBai.app/TTLQiuBai";
			};
			name = Debug;
		};
		8590FB1A1BCE0F68001CCEFD /* Release */ = {
			isa = XCBuildConfiguration;
			buildSettings = {
				BUNDLE_LOADER = "$(TEST_HOST)";
				FRAMEWORK_SEARCH_PATHS = (
					"$(SDKROOT)/Developer/Library/Frameworks",
					"$(inherited)",
				);
				INFOPLIST_FILE = TTLQiuBaiTests/Info.plist;
				LD_RUNPATH_SEARCH_PATHS = "$(inherited) @executable_path/Frameworks @loader_path/Frameworks";
				PRODUCT_NAME = "$(TARGET_NAME)";
				TEST_HOST = "$(BUILT_PRODUCTS_DIR)/TTLQiuBai.app/TTLQiuBai";
			};
			name = Release;
		};
/* End XCBuildConfiguration section */

/* Begin XCConfigurationList section */
		8590FAED1BCE0F67001CCEFD /* Build configuration list for PBXProject "TTLQiuBai" */ = {
			isa = XCConfigurationList;
			buildConfigurations = (
				8590FB131BCE0F68001CCEFD /* Debug */,
				8590FB141BCE0F68001CCEFD /* Release */,
			);
			defaultConfigurationIsVisible = 0;
			defaultConfigurationName = Release;
		};
		8590FB151BCE0F68001CCEFD /* Build configuration list for PBXNativeTarget "TTLQiuBai" */ = {
			isa = XCConfigurationList;
			buildConfigurations = (
				8590FB161BCE0F68001CCEFD /* Debug */,
				8590FB171BCE0F68001CCEFD /* Release */,
			);
			defaultConfigurationIsVisible = 0;
			defaultConfigurationName = Release;
		};
		8590FB181BCE0F68001CCEFD /* Build configuration list for PBXNativeTarget "TTLQiuBaiTests" */ = {
			isa = XCConfigurationList;
			buildConfigurations = (
				8590FB191BCE0F68001CCEFD /* Debug */,
				8590FB1A1BCE0F68001CCEFD /* Release */,
			);
			defaultConfigurationIsVisible = 0;
			defaultConfigurationName = Release;
		};
/* End XCConfigurationList section */
	};
	rootObject = 8590FAEA1BCE0F67001CCEFD /* Project object */;
}
