// !$*UTF8*$!
{
	archiveVersion = 1;
	classes = {
	};
	objectVersion = 46;
	objects = {

/* Begin PBXBuildFile section */
		850623171BD5BA120014DB1E /* main.m in Sources */ = {isa = PBXBuildFile; fileRef = 850623161BD5BA120014DB1E /* main.m */; };
		850623301BD5BA120014DB1E /* TTLQiuBaiTests.m in Sources */ = {isa = PBXBuildFile; fileRef = 8506232F1BD5BA120014DB1E /* TTLQiuBaiTests.m */; };
		8506233B1BD5BA120014DB1E /* TTLQiuBaiUITests.m in Sources */ = {isa = PBXBuildFile; fileRef = 8506233A1BD5BA120014DB1E /* TTLQiuBaiUITests.m */; };
		8506234E1BD5BA490014DB1E /* AppDelegate.m in Sources */ = {isa = PBXBuildFile; fileRef = 8506234D1BD5BA490014DB1E /* AppDelegate.m */; settings = {ASSET_TAGS = (); }; };
		850623501BD5BA520014DB1E /* Images.xcassets in Resources */ = {isa = PBXBuildFile; fileRef = 8506234F1BD5BA520014DB1E /* Images.xcassets */; settings = {ASSET_TAGS = (); }; };
		850623521BD5BA570014DB1E /* Info.plist in Resources */ = {isa = PBXBuildFile; fileRef = 850623511BD5BA570014DB1E /* Info.plist */; settings = {ASSET_TAGS = (); }; };
		850623541BD5BA5C0014DB1E /* Main.storyboard in Resources */ = {isa = PBXBuildFile; fileRef = 850623531BD5BA5C0014DB1E /* Main.storyboard */; settings = {ASSET_TAGS = (); }; };
		850623921BD5BA610014DB1E /* TTLFindTableViewController.m in Sources */ = {isa = PBXBuildFile; fileRef = 850623591BD5BA610014DB1E /* TTLFindTableViewController.m */; settings = {ASSET_TAGS = (); }; };
		850623931BD5BA610014DB1E /* TTLLittleTableViewController.m in Sources */ = {isa = PBXBuildFile; fileRef = 8506235C1BD5BA610014DB1E /* TTLLittleTableViewController.m */; settings = {ASSET_TAGS = (); }; };
		850623941BD5BA610014DB1E /* TTLMeTableViewController.m in Sources */ = {isa = PBXBuildFile; fileRef = 8506235F1BD5BA610014DB1E /* TTLMeTableViewController.m */; settings = {ASSET_TAGS = (); }; };
		850623951BD5BA610014DB1E /* TTLQiuShiViewController.m in Sources */ = {isa = PBXBuildFile; fileRef = 850623621BD5BA610014DB1E /* TTLQiuShiViewController.m */; settings = {ASSET_TAGS = (); }; };
		850623961BD5BA610014DB1E /* TTLQiuYouTableViewController.m in Sources */ = {isa = PBXBuildFile; fileRef = 850623651BD5BA610014DB1E /* TTLQiuYouTableViewController.m */; settings = {ASSET_TAGS = (); }; };
		850623971BD5BA610014DB1E /* TTLAriticle.m in Sources */ = {isa = PBXBuildFile; fileRef = 8506236D1BD5BA610014DB1E /* TTLAriticle.m */; settings = {ASSET_TAGS = (); }; };
		850623981BD5BA610014DB1E /* TTLArticleSubViewFrame.m in Sources */ = {isa = PBXBuildFile; fileRef = 8506236F1BD5BA610014DB1E /* TTLArticleSubViewFrame.m */; settings = {ASSET_TAGS = (); }; };
		850623991BD5BA610014DB1E /* TTLSpecialSubViewsFrame.m in Sources */ = {isa = PBXBuildFile; fileRef = 850623751BD5BA610014DB1E /* TTLSpecialSubViewsFrame.m */; settings = {ASSET_TAGS = (); }; };
		8506239A1BD5BA610014DB1E /* TTLUserInfo.m in Sources */ = {isa = PBXBuildFile; fileRef = 850623771BD5BA610014DB1E /* TTLUserInfo.m */; settings = {ASSET_TAGS = (); }; };
		8506239B1BD5BA610014DB1E /* TTLArticleTableViewCell.m in Sources */ = {isa = PBXBuildFile; fileRef = 850623811BD5BA610014DB1E /* TTLArticleTableViewCell.m */; settings = {ASSET_TAGS = (); }; };
		8506239C1BD5BA610014DB1E /* TTLEssenceTableViewCell.m in Sources */ = {isa = PBXBuildFile; fileRef = 850623841BD5BA610014DB1E /* TTLEssenceTableViewCell.m */; settings = {ASSET_TAGS = (); }; };
		8506239D1BD5BA610014DB1E /* TTLImageTableViewCell.m in Sources */ = {isa = PBXBuildFile; fileRef = 850623871BD5BA610014DB1E /* TTLImageTableViewCell.m */; settings = {ASSET_TAGS = (); }; };
		8506239E1BD5BA610014DB1E /* TTLNewsTableViewCell.m in Sources */ = {isa = PBXBuildFile; fileRef = 8506238A1BD5BA610014DB1E /* TTLNewsTableViewCell.m */; settings = {ASSET_TAGS = (); }; };
		8506239F1BD5BA610014DB1E /* TTLSpecialTableViewcell.m in Sources */ = {isa = PBXBuildFile; fileRef = 8506238D1BD5BA610014DB1E /* TTLSpecialTableViewcell.m */; settings = {ASSET_TAGS = (); }; };
		850623A01BD5BA610014DB1E /* TTLVideoTableViewCell.m in Sources */ = {isa = PBXBuildFile; fileRef = 850623901BD5BA610014DB1E /* TTLVideoTableViewCell.m */; settings = {ASSET_TAGS = (); }; };
		850623CB1BD5BA660014DB1E /* MBProgressHUD+MJ.m in Sources */ = {isa = PBXBuildFile; fileRef = 850623A51BD5BA660014DB1E /* MBProgressHUD+MJ.m */; settings = {ASSET_TAGS = (); }; };
		850623CC1BD5BA660014DB1E /* MBProgressHUD.bundle in Resources */ = {isa = PBXBuildFile; fileRef = 850623A61BD5BA660014DB1E /* MBProgressHUD.bundle */; settings = {ASSET_TAGS = (); }; };
		850623CD1BD5BA660014DB1E /* MBProgressHUD.m in Sources */ = {isa = PBXBuildFile; fileRef = 850623A81BD5BA660014DB1E /* MBProgressHUD.m */; settings = {ASSET_TAGS = (); }; };
		850623CE1BD5BA660014DB1E /* MKAnnotationView+WebCache.m in Sources */ = {isa = PBXBuildFile; fileRef = 850623AB1BD5BA660014DB1E /* MKAnnotationView+WebCache.m */; settings = {ASSET_TAGS = (); }; };
		850623CF1BD5BA660014DB1E /* NSData+ImageContentType.m in Sources */ = {isa = PBXBuildFile; fileRef = 850623AD1BD5BA660014DB1E /* NSData+ImageContentType.m */; settings = {ASSET_TAGS = (); }; };
		850623D01BD5BA660014DB1E /* SDImageCache.m in Sources */ = {isa = PBXBuildFile; fileRef = 850623AF1BD5BA660014DB1E /* SDImageCache.m */; settings = {ASSET_TAGS = (); }; };
		850623D11BD5BA660014DB1E /* SDWebImageCompat.m in Sources */ = {isa = PBXBuildFile; fileRef = 850623B11BD5BA660014DB1E /* SDWebImageCompat.m */; settings = {ASSET_TAGS = (); }; };
		850623D21BD5BA660014DB1E /* SDWebImageDecoder.m in Sources */ = {isa = PBXBuildFile; fileRef = 850623B31BD5BA660014DB1E /* SDWebImageDecoder.m */; settings = {ASSET_TAGS = (); }; };
		850623D31BD5BA660014DB1E /* SDWebImageDownloader.m in Sources */ = {isa = PBXBuildFile; fileRef = 850623B51BD5BA660014DB1E /* SDWebImageDownloader.m */; settings = {ASSET_TAGS = (); }; };
		850623D41BD5BA660014DB1E /* SDWebImageDownloaderOperation.m in Sources */ = {isa = PBXBuildFile; fileRef = 850623B71BD5BA660014DB1E /* SDWebImageDownloaderOperation.m */; settings = {ASSET_TAGS = (); }; };
		850623D51BD5BA660014DB1E /* SDWebImageManager.m in Sources */ = {isa = PBXBuildFile; fileRef = 850623B91BD5BA660014DB1E /* SDWebImageManager.m */; settings = {ASSET_TAGS = (); }; };
		850623D61BD5BA660014DB1E /* SDWebImagePrefetcher.m in Sources */ = {isa = PBXBuildFile; fileRef = 850623BC1BD5BA660014DB1E /* SDWebImagePrefetcher.m */; settings = {ASSET_TAGS = (); }; };
		850623D71BD5BA660014DB1E /* UIButton+WebCache.m in Sources */ = {isa = PBXBuildFile; fileRef = 850623BE1BD5BA660014DB1E /* UIButton+WebCache.m */; settings = {ASSET_TAGS = (); }; };
		850623D81BD5BA660014DB1E /* UIImage+GIF.m in Sources */ = {isa = PBXBuildFile; fileRef = 850623C01BD5BA660014DB1E /* UIImage+GIF.m */; settings = {ASSET_TAGS = (); }; };
		850623D91BD5BA660014DB1E /* UIImage+MultiFormat.m in Sources */ = {isa = PBXBuildFile; fileRef = 850623C21BD5BA660014DB1E /* UIImage+MultiFormat.m */; settings = {ASSET_TAGS = (); }; };
		850623DA1BD5BA660014DB1E /* UIImage+WebP.m in Sources */ = {isa = PBXBuildFile; fileRef = 850623C41BD5BA660014DB1E /* UIImage+WebP.m */; settings = {ASSET_TAGS = (); }; };
		850623DB1BD5BA660014DB1E /* UIImageView+HighlightedWebCache.m in Sources */ = {isa = PBXBuildFile; fileRef = 850623C61BD5BA660014DB1E /* UIImageView+HighlightedWebCache.m */; settings = {ASSET_TAGS = (); }; };
		850623DC1BD5BA660014DB1E /* UIImageView+WebCache.m in Sources */ = {isa = PBXBuildFile; fileRef = 850623C81BD5BA660014DB1E /* UIImageView+WebCache.m */; settings = {ASSET_TAGS = (); }; };
		850623DD1BD5BA660014DB1E /* UIView+WebCacheOperation.m in Sources */ = {isa = PBXBuildFile; fileRef = 850623CA1BD5BA660014DB1E /* UIView+WebCacheOperation.m */; settings = {ASSET_TAGS = (); }; };
/* End PBXBuildFile section */

/* Begin PBXContainerItemProxy section */
		8506232C1BD5BA120014DB1E /* PBXContainerItemProxy */ = {
			isa = PBXContainerItemProxy;
			containerPortal = 8506230A1BD5BA120014DB1E /* Project object */;
			proxyType = 1;
			remoteGlobalIDString = 850623111BD5BA120014DB1E;
			remoteInfo = TTLQiuBai;
		};
		850623371BD5BA120014DB1E /* PBXContainerItemProxy */ = {
			isa = PBXContainerItemProxy;
			containerPortal = 8506230A1BD5BA120014DB1E /* Project object */;
			proxyType = 1;
			remoteGlobalIDString = 850623111BD5BA120014DB1E;
			remoteInfo = TTLQiuBai;
		};
/* End PBXContainerItemProxy section */

/* Begin PBXFileReference section */
		850623121BD5BA120014DB1E /* TTLQiuBai.app */ = {isa = PBXFileReference; explicitFileType = wrapper.application; includeInIndex = 0; path = TTLQiuBai.app; sourceTree = BUILT_PRODUCTS_DIR; };
		850623161BD5BA120014DB1E /* main.m */ = {isa = PBXFileReference; lastKnownFileType = sourcecode.c.objc; path = main.m; sourceTree = "<group>"; };
		8506232B1BD5BA120014DB1E /* TTLQiuBaiTests.xctest */ = {isa = PBXFileReference; explicitFileType = wrapper.cfbundle; includeInIndex = 0; path = TTLQiuBaiTests.xctest; sourceTree = BUILT_PRODUCTS_DIR; };
		8506232F1BD5BA120014DB1E /* TTLQiuBaiTests.m */ = {isa = PBXFileReference; lastKnownFileType = sourcecode.c.objc; path = TTLQiuBaiTests.m; sourceTree = "<group>"; };
		850623311BD5BA120014DB1E /* Info.plist */ = {isa = PBXFileReference; lastKnownFileType = text.plist.xml; path = Info.plist; sourceTree = "<group>"; };
		850623361BD5BA120014DB1E /* TTLQiuBaiUITests.xctest */ = {isa = PBXFileReference; explicitFileType = wrapper.cfbundle; includeInIndex = 0; path = TTLQiuBaiUITests.xctest; sourceTree = BUILT_PRODUCTS_DIR; };
		8506233A1BD5BA120014DB1E /* TTLQiuBaiUITests.m */ = {isa = PBXFileReference; lastKnownFileType = sourcecode.c.objc; path = TTLQiuBaiUITests.m; sourceTree = "<group>"; };
		8506233C1BD5BA120014DB1E /* Info.plist */ = {isa = PBXFileReference; lastKnownFileType = text.plist.xml; path = Info.plist; sourceTree = "<group>"; };
		850623491BD5BA3E0014DB1E /* Constant.h */ = {isa = PBXFileReference; fileEncoding = 4; lastKnownFileType = sourcecode.c.h; path = Constant.h; sourceTree = "<group>"; };
		8506234C1BD5BA490014DB1E /* AppDelegate.h */ = {isa = PBXFileReference; fileEncoding = 4; lastKnownFileType = sourcecode.c.h; path = AppDelegate.h; sourceTree = "<group>"; };
		8506234D1BD5BA490014DB1E /* AppDelegate.m */ = {isa = PBXFileReference; fileEncoding = 4; lastKnownFileType = sourcecode.c.objc; path = AppDelegate.m; sourceTree = "<group>"; };
		8506234F1BD5BA520014DB1E /* Images.xcassets */ = {isa = PBXFileReference; lastKnownFileType = folder.assetcatalog; path = Images.xcassets; sourceTree = "<group>"; };
		850623511BD5BA570014DB1E /* Info.plist */ = {isa = PBXFileReference; fileEncoding = 4; lastKnownFileType = text.plist.xml; path = Info.plist; sourceTree = "<group>"; };
		850623531BD5BA5C0014DB1E /* Main.storyboard */ = {isa = PBXFileReference; fileEncoding = 4; lastKnownFileType = file.storyboard; path = Main.storyboard; sourceTree = "<group>"; };
		850623581BD5BA610014DB1E /* TTLFindTableViewController.h */ = {isa = PBXFileReference; fileEncoding = 4; lastKnownFileType = sourcecode.c.h; path = TTLFindTableViewController.h; sourceTree = "<group>"; };
		850623591BD5BA610014DB1E /* TTLFindTableViewController.m */ = {isa = PBXFileReference; fileEncoding = 4; lastKnownFileType = sourcecode.c.objc; path = TTLFindTableViewController.m; sourceTree = "<group>"; };
		8506235B1BD5BA610014DB1E /* TTLLittleTableViewController.h */ = {isa = PBXFileReference; fileEncoding = 4; lastKnownFileType = sourcecode.c.h; path = TTLLittleTableViewController.h; sourceTree = "<group>"; };
		8506235C1BD5BA610014DB1E /* TTLLittleTableViewController.m */ = {isa = PBXFileReference; fileEncoding = 4; lastKnownFileType = sourcecode.c.objc; path = TTLLittleTableViewController.m; sourceTree = "<group>"; };
		8506235E1BD5BA610014DB1E /* TTLMeTableViewController.h */ = {isa = PBXFileReference; fileEncoding = 4; lastKnownFileType = sourcecode.c.h; path = TTLMeTableViewController.h; sourceTree = "<group>"; };
		8506235F1BD5BA610014DB1E /* TTLMeTableViewController.m */ = {isa = PBXFileReference; fileEncoding = 4; lastKnownFileType = sourcecode.c.objc; path = TTLMeTableViewController.m; sourceTree = "<group>"; };
		850623611BD5BA610014DB1E /* TTLQiuShiViewController.h */ = {isa = PBXFileReference; fileEncoding = 4; lastKnownFileType = sourcecode.c.h; path = TTLQiuShiViewController.h; sourceTree = "<group>"; };
		850623621BD5BA610014DB1E /* TTLQiuShiViewController.m */ = {isa = PBXFileReference; fileEncoding = 4; lastKnownFileType = sourcecode.c.objc; path = TTLQiuShiViewController.m; sourceTree = "<group>"; };
		850623641BD5BA610014DB1E /* TTLQiuYouTableViewController.h */ = {isa = PBXFileReference; fileEncoding = 4; lastKnownFileType = sourcecode.c.h; path = TTLQiuYouTableViewController.h; sourceTree = "<group>"; };
		850623651BD5BA610014DB1E /* TTLQiuYouTableViewController.m */ = {isa = PBXFileReference; fileEncoding = 4; lastKnownFileType = sourcecode.c.objc; path = TTLQiuYouTableViewController.m; sourceTree = "<group>"; };
		8506236C1BD5BA610014DB1E /* TTLAriticle.h */ = {isa = PBXFileReference; fileEncoding = 4; lastKnownFileType = sourcecode.c.h; path = TTLAriticle.h; sourceTree = "<group>"; };
		8506236D1BD5BA610014DB1E /* TTLAriticle.m */ = {isa = PBXFileReference; fileEncoding = 4; lastKnownFileType = sourcecode.c.objc; path = TTLAriticle.m; sourceTree = "<group>"; };
		8506236E1BD5BA610014DB1E /* TTLArticleSubViewFrame.h */ = {isa = PBXFileReference; fileEncoding = 4; lastKnownFileType = sourcecode.c.h; path = TTLArticleSubViewFrame.h; sourceTree = "<group>"; };
		8506236F1BD5BA610014DB1E /* TTLArticleSubViewFrame.m */ = {isa = PBXFileReference; fileEncoding = 4; lastKnownFileType = sourcecode.c.objc; path = TTLArticleSubViewFrame.m; sourceTree = "<group>"; };
		850623741BD5BA610014DB1E /* TTLSpecialSubViewsFrame.h */ = {isa = PBXFileReference; fileEncoding = 4; lastKnownFileType = sourcecode.c.h; path = TTLSpecialSubViewsFrame.h; sourceTree = "<group>"; };
		850623751BD5BA610014DB1E /* TTLSpecialSubViewsFrame.m */ = {isa = PBXFileReference; fileEncoding = 4; lastKnownFileType = sourcecode.c.objc; path = TTLSpecialSubViewsFrame.m; sourceTree = "<group>"; };
		850623761BD5BA610014DB1E /* TTLUserInfo.h */ = {isa = PBXFileReference; fileEncoding = 4; lastKnownFileType = sourcecode.c.h; path = TTLUserInfo.h; sourceTree = "<group>"; };
		850623771BD5BA610014DB1E /* TTLUserInfo.m */ = {isa = PBXFileReference; fileEncoding = 4; lastKnownFileType = sourcecode.c.objc; path = TTLUserInfo.m; sourceTree = "<group>"; };
		850623801BD5BA610014DB1E /* TTLArticleTableViewCell.h */ = {isa = PBXFileReference; fileEncoding = 4; lastKnownFileType = sourcecode.c.h; path = TTLArticleTableViewCell.h; sourceTree = "<group>"; };
		850623811BD5BA610014DB1E /* TTLArticleTableViewCell.m */ = {isa = PBXFileReference; fileEncoding = 4; lastKnownFileType = sourcecode.c.objc; path = TTLArticleTableViewCell.m; sourceTree = "<group>"; };
		850623831BD5BA610014DB1E /* TTLEssenceTableViewCell.h */ = {isa = PBXFileReference; fileEncoding = 4; lastKnownFileType = sourcecode.c.h; path = TTLEssenceTableViewCell.h; sourceTree = "<group>"; };
		850623841BD5BA610014DB1E /* TTLEssenceTableViewCell.m */ = {isa = PBXFileReference; fileEncoding = 4; lastKnownFileType = sourcecode.c.objc; path = TTLEssenceTableViewCell.m; sourceTree = "<group>"; };
		850623861BD5BA610014DB1E /* TTLImageTableViewCell.h */ = {isa = PBXFileReference; fileEncoding = 4; lastKnownFileType = sourcecode.c.h; path = TTLImageTableViewCell.h; sourceTree = "<group>"; };
		850623871BD5BA610014DB1E /* TTLImageTableViewCell.m */ = {isa = PBXFileReference; fileEncoding = 4; lastKnownFileType = sourcecode.c.objc; path = TTLImageTableViewCell.m; sourceTree = "<group>"; };
		850623891BD5BA610014DB1E /* TTLNewsTableViewCell.h */ = {isa = PBXFileReference; fileEncoding = 4; lastKnownFileType = sourcecode.c.h; path = TTLNewsTableViewCell.h; sourceTree = "<group>"; };
		8506238A1BD5BA610014DB1E /* TTLNewsTableViewCell.m */ = {isa = PBXFileReference; fileEncoding = 4; lastKnownFileType = sourcecode.c.objc; path = TTLNewsTableViewCell.m; sourceTree = "<group>"; };
		8506238C1BD5BA610014DB1E /* TTLSpecialTableViewcell.h */ = {isa = PBXFileReference; fileEncoding = 4; lastKnownFileType = sourcecode.c.h; path = TTLSpecialTableViewcell.h; sourceTree = "<group>"; };
		8506238D1BD5BA610014DB1E /* TTLSpecialTableViewcell.m */ = {isa = PBXFileReference; fileEncoding = 4; lastKnownFileType = sourcecode.c.objc; path = TTLSpecialTableViewcell.m; sourceTree = "<group>"; };
		8506238F1BD5BA610014DB1E /* TTLVideoTableViewCell.h */ = {isa = PBXFileReference; fileEncoding = 4; lastKnownFileType = sourcecode.c.h; path = TTLVideoTableViewCell.h; sourceTree = "<group>"; };
		850623901BD5BA610014DB1E /* TTLVideoTableViewCell.m */ = {isa = PBXFileReference; fileEncoding = 4; lastKnownFileType = sourcecode.c.objc; path = TTLVideoTableViewCell.m; sourceTree = "<group>"; };
		850623A41BD5BA660014DB1E /* MBProgressHUD+MJ.h */ = {isa = PBXFileReference; fileEncoding = 4; lastKnownFileType = sourcecode.c.h; path = "MBProgressHUD+MJ.h"; sourceTree = "<group>"; };
		850623A51BD5BA660014DB1E /* MBProgressHUD+MJ.m */ = {isa = PBXFileReference; fileEncoding = 4; lastKnownFileType = sourcecode.c.objc; path = "MBProgressHUD+MJ.m"; sourceTree = "<group>"; };
		850623A61BD5BA660014DB1E /* MBProgressHUD.bundle */ = {isa = PBXFileReference; lastKnownFileType = "wrapper.plug-in"; path = MBProgressHUD.bundle; sourceTree = "<group>"; };
		850623A71BD5BA660014DB1E /* MBProgressHUD.h */ = {isa = PBXFileReference; fileEncoding = 4; lastKnownFileType = sourcecode.c.h; path = MBProgressHUD.h; sourceTree = "<group>"; };
		850623A81BD5BA660014DB1E /* MBProgressHUD.m */ = {isa = PBXFileReference; fileEncoding = 4; lastKnownFileType = sourcecode.c.objc; path = MBProgressHUD.m; sourceTree = "<group>"; };
		850623AA1BD5BA660014DB1E /* MKAnnotationView+WebCache.h */ = {isa = PBXFileReference; fileEncoding = 4; lastKnownFileType = sourcecode.c.h; path = "MKAnnotationView+WebCache.h"; sourceTree = "<group>"; };
		850623AB1BD5BA660014DB1E /* MKAnnotationView+WebCache.m */ = {isa = PBXFileReference; fileEncoding = 4; lastKnownFileType = sourcecode.c.objc; path = "MKAnnotationView+WebCache.m"; sourceTree = "<group>"; };
		850623AC1BD5BA660014DB1E /* NSData+ImageContentType.h */ = {isa = PBXFileReference; fileEncoding = 4; lastKnownFileType = sourcecode.c.h; path = "NSData+ImageContentType.h"; sourceTree = "<group>"; };
		850623AD1BD5BA660014DB1E /* NSData+ImageContentType.m */ = {isa = PBXFileReference; fileEncoding = 4; lastKnownFileType = sourcecode.c.objc; path = "NSData+ImageContentType.m"; sourceTree = "<group>"; };
		850623AE1BD5BA660014DB1E /* SDImageCache.h */ = {isa = PBXFileReference; fileEncoding = 4; lastKnownFileType = sourcecode.c.h; path = SDImageCache.h; sourceTree = "<group>"; };
		850623AF1BD5BA660014DB1E /* SDImageCache.m */ = {isa = PBXFileReference; fileEncoding = 4; lastKnownFileType = sourcecode.c.objc; path = SDImageCache.m; sourceTree = "<group>"; };
		850623B01BD5BA660014DB1E /* SDWebImageCompat.h */ = {isa = PBXFileReference; fileEncoding = 4; lastKnownFileType = sourcecode.c.h; path = SDWebImageCompat.h; sourceTree = "<group>"; };
		850623B11BD5BA660014DB1E /* SDWebImageCompat.m */ = {isa = PBXFileReference; fileEncoding = 4; lastKnownFileType = sourcecode.c.objc; path = SDWebImageCompat.m; sourceTree = "<group>"; };
		850623B21BD5BA660014DB1E /* SDWebImageDecoder.h */ = {isa = PBXFileReference; fileEncoding = 4; lastKnownFileType = sourcecode.c.h; path = SDWebImageDecoder.h; sourceTree = "<group>"; };
		850623B31BD5BA660014DB1E /* SDWebImageDecoder.m */ = {isa = PBXFileReference; fileEncoding = 4; lastKnownFileType = sourcecode.c.objc; path = SDWebImageDecoder.m; sourceTree = "<group>"; };
		850623B41BD5BA660014DB1E /* SDWebImageDownloader.h */ = {isa = PBXFileReference; fileEncoding = 4; lastKnownFileType = sourcecode.c.h; path = SDWebImageDownloader.h; sourceTree = "<group>"; };
		850623B51BD5BA660014DB1E /* SDWebImageDownloader.m */ = {isa = PBXFileReference; fileEncoding = 4; lastKnownFileType = sourcecode.c.objc; path = SDWebImageDownloader.m; sourceTree = "<group>"; };
		850623B61BD5BA660014DB1E /* SDWebImageDownloaderOperation.h */ = {isa = PBXFileReference; fileEncoding = 4; lastKnownFileType = sourcecode.c.h; path = SDWebImageDownloaderOperation.h; sourceTree = "<group>"; };
		850623B71BD5BA660014DB1E /* SDWebImageDownloaderOperation.m */ = {isa = PBXFileReference; fileEncoding = 4; lastKnownFileType = sourcecode.c.objc; path = SDWebImageDownloaderOperation.m; sourceTree = "<group>"; };
		850623B81BD5BA660014DB1E /* SDWebImageManager.h */ = {isa = PBXFileReference; fileEncoding = 4; lastKnownFileType = sourcecode.c.h; path = SDWebImageManager.h; sourceTree = "<group>"; };
		850623B91BD5BA660014DB1E /* SDWebImageManager.m */ = {isa = PBXFileReference; fileEncoding = 4; lastKnownFileType = sourcecode.c.objc; path = SDWebImageManager.m; sourceTree = "<group>"; };
		850623BA1BD5BA660014DB1E /* SDWebImageOperation.h */ = {isa = PBXFileReference; fileEncoding = 4; lastKnownFileType = sourcecode.c.h; path = SDWebImageOperation.h; sourceTree = "<group>"; };
		850623BB1BD5BA660014DB1E /* SDWebImagePrefetcher.h */ = {isa = PBXFileReference; fileEncoding = 4; lastKnownFileType = sourcecode.c.h; path = SDWebImagePrefetcher.h; sourceTree = "<group>"; };
		850623BC1BD5BA660014DB1E /* SDWebImagePrefetcher.m */ = {isa = PBXFileReference; fileEncoding = 4; lastKnownFileType = sourcecode.c.objc; path = SDWebImagePrefetcher.m; sourceTree = "<group>"; };
		850623BD1BD5BA660014DB1E /* UIButton+WebCache.h */ = {isa = PBXFileReference; fileEncoding = 4; lastKnownFileType = sourcecode.c.h; path = "UIButton+WebCache.h"; sourceTree = "<group>"; };
		850623BE1BD5BA660014DB1E /* UIButton+WebCache.m */ = {isa = PBXFileReference; fileEncoding = 4; lastKnownFileType = sourcecode.c.objc; path = "UIButton+WebCache.m"; sourceTree = "<group>"; };
		850623BF1BD5BA660014DB1E /* UIImage+GIF.h */ = {isa = PBXFileReference; fileEncoding = 4; lastKnownFileType = sourcecode.c.h; path = "UIImage+GIF.h"; sourceTree = "<group>"; };
		850623C01BD5BA660014DB1E /* UIImage+GIF.m */ = {isa = PBXFileReference; fileEncoding = 4; lastKnownFileType = sourcecode.c.objc; path = "UIImage+GIF.m"; sourceTree = "<group>"; };
		850623C11BD5BA660014DB1E /* UIImage+MultiFormat.h */ = {isa = PBXFileReference; fileEncoding = 4; lastKnownFileType = sourcecode.c.h; path = "UIImage+MultiFormat.h"; sourceTree = "<group>"; };
		850623C21BD5BA660014DB1E /* UIImage+MultiFormat.m */ = {isa = PBXFileReference; fileEncoding = 4; lastKnownFileType = sourcecode.c.objc; path = "UIImage+MultiFormat.m"; sourceTree = "<group>"; };
		850623C31BD5BA660014DB1E /* UIImage+WebP.h */ = {isa = PBXFileReference; fileEncoding = 4; lastKnownFileType = sourcecode.c.h; path = "UIImage+WebP.h"; sourceTree = "<group>"; };
		850623C41BD5BA660014DB1E /* UIImage+WebP.m */ = {isa = PBXFileReference; fileEncoding = 4; lastKnownFileType = sourcecode.c.objc; path = "UIImage+WebP.m"; sourceTree = "<group>"; };
		850623C51BD5BA660014DB1E /* UIImageView+HighlightedWebCache.h */ = {isa = PBXFileReference; fileEncoding = 4; lastKnownFileType = sourcecode.c.h; path = "UIImageView+HighlightedWebCache.h"; sourceTree = "<group>"; };
		850623C61BD5BA660014DB1E /* UIImageView+HighlightedWebCache.m */ = {isa = PBXFileReference; fileEncoding = 4; lastKnownFileType = sourcecode.c.objc; path = "UIImageView+HighlightedWebCache.m"; sourceTree = "<group>"; };
		850623C71BD5BA660014DB1E /* UIImageView+WebCache.h */ = {isa = PBXFileReference; fileEncoding = 4; lastKnownFileType = sourcecode.c.h; path = "UIImageView+WebCache.h"; sourceTree = "<group>"; };
		850623C81BD5BA660014DB1E /* UIImageView+WebCache.m */ = {isa = PBXFileReference; fileEncoding = 4; lastKnownFileType = sourcecode.c.objc; path = "UIImageView+WebCache.m"; sourceTree = "<group>"; };
		850623C91BD5BA660014DB1E /* UIView+WebCacheOperation.h */ = {isa = PBXFileReference; fileEncoding = 4; lastKnownFileType = sourcecode.c.h; path = "UIView+WebCacheOperation.h"; sourceTree = "<group>"; };
		850623CA1BD5BA660014DB1E /* UIView+WebCacheOperation.m */ = {isa = PBXFileReference; fileEncoding = 4; lastKnownFileType = sourcecode.c.objc; path = "UIView+WebCacheOperation.m"; sourceTree = "<group>"; };
/* End PBXFileReference section */

/* Begin PBXFrameworksBuildPhase section */
		8506230F1BD5BA120014DB1E /* Frameworks */ = {
			isa = PBXFrameworksBuildPhase;
			buildActionMask = 2147483647;
			files = (
			);
			runOnlyForDeploymentPostprocessing = 0;
		};
		850623281BD5BA120014DB1E /* Frameworks */ = {
			isa = PBXFrameworksBuildPhase;
			buildActionMask = 2147483647;
			files = (
			);
			runOnlyForDeploymentPostprocessing = 0;
		};
		850623331BD5BA120014DB1E /* Frameworks */ = {
			isa = PBXFrameworksBuildPhase;
			buildActionMask = 2147483647;
			files = (
			);
			runOnlyForDeploymentPostprocessing = 0;
		};
/* End PBXFrameworksBuildPhase section */

/* Begin PBXGroup section */
		850623091BD5BA120014DB1E = {
			isa = PBXGroup;
			children = (
				850623141BD5BA120014DB1E /* TTLQiuBai */,
				8506232E1BD5BA120014DB1E /* TTLQiuBaiTests */,
				850623391BD5BA120014DB1E /* TTLQiuBaiUITests */,
				850623131BD5BA120014DB1E /* Products */,
			);
			sourceTree = "<group>";
		};
		850623131BD5BA120014DB1E /* Products */ = {
			isa = PBXGroup;
			children = (
				850623121BD5BA120014DB1E /* TTLQiuBai.app */,
				8506232B1BD5BA120014DB1E /* TTLQiuBaiTests.xctest */,
				850623361BD5BA120014DB1E /* TTLQiuBaiUITests.xctest */,
			);
			name = Products;
			sourceTree = "<group>";
		};
		850623141BD5BA120014DB1E /* TTLQiuBai */ = {
			isa = PBXGroup;
			children = (
				850623A11BD5BA660014DB1E /* TheThird */,
				850623551BD5BA610014DB1E /* MVC */,
				8506234B1BD5BA490014DB1E /* Delegate */,
				8506234A1BD5BA440014DB1E /* Data */,
				850623481BD5BA3E0014DB1E /* Common */,
				850623151BD5BA120014DB1E /* Supporting Files */,
			);
			path = TTLQiuBai;
			sourceTree = "<group>";
		};
		850623151BD5BA120014DB1E /* Supporting Files */ = {
			isa = PBXGroup;
			children = (
				850623531BD5BA5C0014DB1E /* Main.storyboard */,
				850623511BD5BA570014DB1E /* Info.plist */,
				8506234F1BD5BA520014DB1E /* Images.xcassets */,
				850623161BD5BA120014DB1E /* main.m */,
			);
			name = "Supporting Files";
			sourceTree = "<group>";
		};
		8506232E1BD5BA120014DB1E /* TTLQiuBaiTests */ = {
			isa = PBXGroup;
			children = (
				8506232F1BD5BA120014DB1E /* TTLQiuBaiTests.m */,
				850623311BD5BA120014DB1E /* Info.plist */,
			);
			path = TTLQiuBaiTests;
			sourceTree = "<group>";
		};
		850623391BD5BA120014DB1E /* TTLQiuBaiUITests */ = {
			isa = PBXGroup;
			children = (
				8506233A1BD5BA120014DB1E /* TTLQiuBaiUITests.m */,
				8506233C1BD5BA120014DB1E /* Info.plist */,
			);
			path = TTLQiuBaiUITests;
			sourceTree = "<group>";
		};
		850623481BD5BA3E0014DB1E /* Common */ = {
			isa = PBXGroup;
			children = (
				850623491BD5BA3E0014DB1E /* Constant.h */,
			);
			path = Common;
			sourceTree = "<group>";
		};
		8506234A1BD5BA440014DB1E /* Data */ = {
			isa = PBXGroup;
			children = (
			);
			path = Data;
			sourceTree = "<group>";
		};
		8506234B1BD5BA490014DB1E /* Delegate */ = {
			isa = PBXGroup;
			children = (
				8506234C1BD5BA490014DB1E /* AppDelegate.h */,
				8506234D1BD5BA490014DB1E /* AppDelegate.m */,
			);
			path = Delegate;
			sourceTree = "<group>";
		};
		850623551BD5BA610014DB1E /* MVC */ = {
			isa = PBXGroup;
			children = (
				850623561BD5BA610014DB1E /* Controller */,
				850623661BD5BA610014DB1E /* Model */,
				8506237A1BD5BA610014DB1E /* View */,
			);
			path = MVC;
			sourceTree = "<group>";
		};
		850623561BD5BA610014DB1E /* Controller */ = {
			isa = PBXGroup;
			children = (
				850623571BD5BA610014DB1E /* Find */,
				8506235A1BD5BA610014DB1E /* LittleMsg */,
				8506235D1BD5BA610014DB1E /* Me */,
				850623601BD5BA610014DB1E /* QiuShi */,
				850623631BD5BA610014DB1E /* QiuYouQuan */,
			);
			path = Controller;
			sourceTree = "<group>";
		};
		850623571BD5BA610014DB1E /* Find */ = {
			isa = PBXGroup;
			children = (
				850623581BD5BA610014DB1E /* TTLFindTableViewController.h */,
				850623591BD5BA610014DB1E /* TTLFindTableViewController.m */,
			);
			path = Find;
			sourceTree = "<group>";
		};
		8506235A1BD5BA610014DB1E /* LittleMsg */ = {
			isa = PBXGroup;
			children = (
				8506235B1BD5BA610014DB1E /* TTLLittleTableViewController.h */,
				8506235C1BD5BA610014DB1E /* TTLLittleTableViewController.m */,
			);
			path = LittleMsg;
			sourceTree = "<group>";
		};
		8506235D1BD5BA610014DB1E /* Me */ = {
			isa = PBXGroup;
			children = (
				8506235E1BD5BA610014DB1E /* TTLMeTableViewController.h */,
				8506235F1BD5BA610014DB1E /* TTLMeTableViewController.m */,
			);
			path = Me;
			sourceTree = "<group>";
		};
		850623601BD5BA610014DB1E /* QiuShi */ = {
			isa = PBXGroup;
			children = (
				850623611BD5BA610014DB1E /* TTLQiuShiViewController.h */,
				850623621BD5BA610014DB1E /* TTLQiuShiViewController.m */,
			);
			path = QiuShi;
			sourceTree = "<group>";
		};
		850623631BD5BA610014DB1E /* QiuYouQuan */ = {
			isa = PBXGroup;
			children = (
				850623641BD5BA610014DB1E /* TTLQiuYouTableViewController.h */,
				850623651BD5BA610014DB1E /* TTLQiuYouTableViewController.m */,
			);
			path = QiuYouQuan;
			sourceTree = "<group>";
		};
		850623661BD5BA610014DB1E /* Model */ = {
			isa = PBXGroup;
			children = (
				850623671BD5BA610014DB1E /* Find */,
				850623681BD5BA610014DB1E /* LittleMsg */,
				850623691BD5BA610014DB1E /* Me */,
				8506236A1BD5BA610014DB1E /* QiuShi */,
				850623791BD5BA610014DB1E /* QiuYouQuan */,
			);
			path = Model;
			sourceTree = "<group>";
		};
		850623671BD5BA610014DB1E /* Find */ = {
			isa = PBXGroup;
			children = (
			);
			path = Find;
			sourceTree = "<group>";
		};
		850623681BD5BA610014DB1E /* LittleMsg */ = {
			isa = PBXGroup;
			children = (
			);
			path = LittleMsg;
			sourceTree = "<group>";
		};
		850623691BD5BA610014DB1E /* Me */ = {
			isa = PBXGroup;
			children = (
			);
			path = Me;
			sourceTree = "<group>";
		};
		8506236A1BD5BA610014DB1E /* QiuShi */ = {
			isa = PBXGroup;
			children = (
				8506236B1BD5BA610014DB1E /* Article */,
				850623701BD5BA610014DB1E /* Essence */,
				850623711BD5BA610014DB1E /* Image */,
				850623721BD5BA610014DB1E /* News */,
				850623731BD5BA610014DB1E /* Special */,
				850623761BD5BA610014DB1E /* TTLUserInfo.h */,
				850623771BD5BA610014DB1E /* TTLUserInfo.m */,
				850623781BD5BA610014DB1E /* Video */,
			);
			path = QiuShi;
			sourceTree = "<group>";
		};
		8506236B1BD5BA610014DB1E /* Article */ = {
			isa = PBXGroup;
			children = (
				8506236C1BD5BA610014DB1E /* TTLAriticle.h */,
				8506236D1BD5BA610014DB1E /* TTLAriticle.m */,
				8506236E1BD5BA610014DB1E /* TTLArticleSubViewFrame.h */,
				8506236F1BD5BA610014DB1E /* TTLArticleSubViewFrame.m */,
			);
			path = Article;
			sourceTree = "<group>";
		};
		850623701BD5BA610014DB1E /* Essence */ = {
			isa = PBXGroup;
			children = (
			);
			path = Essence;
			sourceTree = "<group>";
		};
		850623711BD5BA610014DB1E /* Image */ = {
			isa = PBXGroup;
			children = (
			);
			path = Image;
			sourceTree = "<group>";
		};
		850623721BD5BA610014DB1E /* News */ = {
			isa = PBXGroup;
			children = (
			);
			path = News;
			sourceTree = "<group>";
		};
		850623731BD5BA610014DB1E /* Special */ = {
			isa = PBXGroup;
			children = (
				850623741BD5BA610014DB1E /* TTLSpecialSubViewsFrame.h */,
				850623751BD5BA610014DB1E /* TTLSpecialSubViewsFrame.m */,
			);
			path = Special;
			sourceTree = "<group>";
		};
		850623781BD5BA610014DB1E /* Video */ = {
			isa = PBXGroup;
			children = (
			);
			path = Video;
			sourceTree = "<group>";
		};
		850623791BD5BA610014DB1E /* QiuYouQuan */ = {
			isa = PBXGroup;
			children = (
			);
			path = QiuYouQuan;
			sourceTree = "<group>";
		};
		8506237A1BD5BA610014DB1E /* View */ = {
			isa = PBXGroup;
			children = (
				8506237B1BD5BA610014DB1E /* Find */,
				8506237C1BD5BA610014DB1E /* LittleMsg */,
				8506237D1BD5BA610014DB1E /* Me */,
				8506237E1BD5BA610014DB1E /* QiuShi */,
				850623911BD5BA610014DB1E /* QiuYouQuan */,
			);
			path = View;
			sourceTree = "<group>";
		};
		8506237B1BD5BA610014DB1E /* Find */ = {
			isa = PBXGroup;
			children = (
			);
			path = Find;
			sourceTree = "<group>";
		};
		8506237C1BD5BA610014DB1E /* LittleMsg */ = {
			isa = PBXGroup;
			children = (
			);
			path = LittleMsg;
			sourceTree = "<group>";
		};
		8506237D1BD5BA610014DB1E /* Me */ = {
			isa = PBXGroup;
			children = (
			);
			path = Me;
			sourceTree = "<group>";
		};
		8506237E1BD5BA610014DB1E /* QiuShi */ = {
			isa = PBXGroup;
			children = (
				8506237F1BD5BA610014DB1E /* Article */,
				850623821BD5BA610014DB1E /* Essence */,
				850623851BD5BA610014DB1E /* Image */,
				850623881BD5BA610014DB1E /* News */,
				8506238B1BD5BA610014DB1E /* Special */,
				8506238E1BD5BA610014DB1E /* Video */,
			);
			path = QiuShi;
			sourceTree = "<group>";
		};
		8506237F1BD5BA610014DB1E /* Article */ = {
			isa = PBXGroup;
			children = (
				850623801BD5BA610014DB1E /* TTLArticleTableViewCell.h */,
				850623811BD5BA610014DB1E /* TTLArticleTableViewCell.m */,
			);
			path = Article;
			sourceTree = "<group>";
		};
		850623821BD5BA610014DB1E /* Essence */ = {
			isa = PBXGroup;
			children = (
				850623831BD5BA610014DB1E /* TTLEssenceTableViewCell.h */,
				850623841BD5BA610014DB1E /* TTLEssenceTableViewCell.m */,
			);
			path = Essence;
			sourceTree = "<group>";
		};
		850623851BD5BA610014DB1E /* Image */ = {
			isa = PBXGroup;
			children = (
				850623861BD5BA610014DB1E /* TTLImageTableViewCell.h */,
				850623871BD5BA610014DB1E /* TTLImageTableViewCell.m */,
			);
			path = Image;
			sourceTree = "<group>";
		};
		850623881BD5BA610014DB1E /* News */ = {
			isa = PBXGroup;
			children = (
				850623891BD5BA610014DB1E /* TTLNewsTableViewCell.h */,
				8506238A1BD5BA610014DB1E /* TTLNewsTableViewCell.m */,
			);
			path = News;
			sourceTree = "<group>";
		};
		8506238B1BD5BA610014DB1E /* Special */ = {
			isa = PBXGroup;
			children = (
				8506238C1BD5BA610014DB1E /* TTLSpecialTableViewcell.h */,
				8506238D1BD5BA610014DB1E /* TTLSpecialTableViewcell.m */,
			);
			path = Special;
			sourceTree = "<group>";
		};
		8506238E1BD5BA610014DB1E /* Video */ = {
			isa = PBXGroup;
			children = (
				8506238F1BD5BA610014DB1E /* TTLVideoTableViewCell.h */,
				850623901BD5BA610014DB1E /* TTLVideoTableViewCell.m */,
			);
			path = Video;
			sourceTree = "<group>";
		};
		850623911BD5BA610014DB1E /* QiuYouQuan */ = {
			isa = PBXGroup;
			children = (
			);
			path = QiuYouQuan;
			sourceTree = "<group>";
		};
		850623A11BD5BA660014DB1E /* TheThird */ = {
			isa = PBXGroup;
			children = (
				850623A31BD5BA660014DB1E /* MBProgressHUD */,
				850623A91BD5BA660014DB1E /* SDWebImage */,
			);
			path = TheThird;
			sourceTree = "<group>";
		};
		850623A31BD5BA660014DB1E /* MBProgressHUD */ = {
			isa = PBXGroup;
			children = (
				850623A41BD5BA660014DB1E /* MBProgressHUD+MJ.h */,
				850623A51BD5BA660014DB1E /* MBProgressHUD+MJ.m */,
				850623A61BD5BA660014DB1E /* MBProgressHUD.bundle */,
				850623A71BD5BA660014DB1E /* MBProgressHUD.h */,
				850623A81BD5BA660014DB1E /* MBProgressHUD.m */,
			);
			path = MBProgressHUD;
			sourceTree = "<group>";
		};
		850623A91BD5BA660014DB1E /* SDWebImage */ = {
			isa = PBXGroup;
			children = (
				850623AA1BD5BA660014DB1E /* MKAnnotationView+WebCache.h */,
				850623AB1BD5BA660014DB1E /* MKAnnotationView+WebCache.m */,
				850623AC1BD5BA660014DB1E /* NSData+ImageContentType.h */,
				850623AD1BD5BA660014DB1E /* NSData+ImageContentType.m */,
				850623AE1BD5BA660014DB1E /* SDImageCache.h */,
				850623AF1BD5BA660014DB1E /* SDImageCache.m */,
				850623B01BD5BA660014DB1E /* SDWebImageCompat.h */,
				850623B11BD5BA660014DB1E /* SDWebImageCompat.m */,
				850623B21BD5BA660014DB1E /* SDWebImageDecoder.h */,
				850623B31BD5BA660014DB1E /* SDWebImageDecoder.m */,
				850623B41BD5BA660014DB1E /* SDWebImageDownloader.h */,
				850623B51BD5BA660014DB1E /* SDWebImageDownloader.m */,
				850623B61BD5BA660014DB1E /* SDWebImageDownloaderOperation.h */,
				850623B71BD5BA660014DB1E /* SDWebImageDownloaderOperation.m */,
				850623B81BD5BA660014DB1E /* SDWebImageManager.h */,
				850623B91BD5BA660014DB1E /* SDWebImageManager.m */,
				850623BA1BD5BA660014DB1E /* SDWebImageOperation.h */,
				850623BB1BD5BA660014DB1E /* SDWebImagePrefetcher.h */,
				850623BC1BD5BA660014DB1E /* SDWebImagePrefetcher.m */,
				850623BD1BD5BA660014DB1E /* UIButton+WebCache.h */,
				850623BE1BD5BA660014DB1E /* UIButton+WebCache.m */,
				850623BF1BD5BA660014DB1E /* UIImage+GIF.h */,
				850623C01BD5BA660014DB1E /* UIImage+GIF.m */,
				850623C11BD5BA660014DB1E /* UIImage+MultiFormat.h */,
				850623C21BD5BA660014DB1E /* UIImage+MultiFormat.m */,
				850623C31BD5BA660014DB1E /* UIImage+WebP.h */,
				850623C41BD5BA660014DB1E /* UIImage+WebP.m */,
				850623C51BD5BA660014DB1E /* UIImageView+HighlightedWebCache.h */,
				850623C61BD5BA660014DB1E /* UIImageView+HighlightedWebCache.m */,
				850623C71BD5BA660014DB1E /* UIImageView+WebCache.h */,
				850623C81BD5BA660014DB1E /* UIImageView+WebCache.m */,
				850623C91BD5BA660014DB1E /* UIView+WebCacheOperation.h */,
				850623CA1BD5BA660014DB1E /* UIView+WebCacheOperation.m */,
			);
			path = SDWebImage;
			sourceTree = "<group>";
		};
/* End PBXGroup section */

/* Begin PBXNativeTarget section */
		850623111BD5BA120014DB1E /* TTLQiuBai */ = {
			isa = PBXNativeTarget;
			buildConfigurationList = 8506233F1BD5BA120014DB1E /* Build configuration list for PBXNativeTarget "TTLQiuBai" */;
			buildPhases = (
				8506230E1BD5BA120014DB1E /* Sources */,
				8506230F1BD5BA120014DB1E /* Frameworks */,
				850623101BD5BA120014DB1E /* Resources */,
			);
			buildRules = (
			);
			dependencies = (
			);
			name = TTLQiuBai;
			productName = TTLQiuBai;
			productReference = 850623121BD5BA120014DB1E /* TTLQiuBai.app */;
			productType = "com.apple.product-type.application";
		};
		8506232A1BD5BA120014DB1E /* TTLQiuBaiTests */ = {
			isa = PBXNativeTarget;
			buildConfigurationList = 850623421BD5BA120014DB1E /* Build configuration list for PBXNativeTarget "TTLQiuBaiTests" */;
			buildPhases = (
				850623271BD5BA120014DB1E /* Sources */,
				850623281BD5BA120014DB1E /* Frameworks */,
				850623291BD5BA120014DB1E /* Resources */,
			);
			buildRules = (
			);
			dependencies = (
				8506232D1BD5BA120014DB1E /* PBXTargetDependency */,
			);
			name = TTLQiuBaiTests;
			productName = TTLQiuBaiTests;
			productReference = 8506232B1BD5BA120014DB1E /* TTLQiuBaiTests.xctest */;
			productType = "com.apple.product-type.bundle.unit-test";
		};
		850623351BD5BA120014DB1E /* TTLQiuBaiUITests */ = {
			isa = PBXNativeTarget;
			buildConfigurationList = 850623451BD5BA120014DB1E /* Build configuration list for PBXNativeTarget "TTLQiuBaiUITests" */;
			buildPhases = (
				850623321BD5BA120014DB1E /* Sources */,
				850623331BD5BA120014DB1E /* Frameworks */,
				850623341BD5BA120014DB1E /* Resources */,
			);
			buildRules = (
			);
			dependencies = (
				850623381BD5BA120014DB1E /* PBXTargetDependency */,
			);
			name = TTLQiuBaiUITests;
			productName = TTLQiuBaiUITests;
			productReference = 850623361BD5BA120014DB1E /* TTLQiuBaiUITests.xctest */;
			productType = "com.apple.product-type.bundle.ui-testing";
		};
/* End PBXNativeTarget section */

/* Begin PBXProject section */
		8506230A1BD5BA120014DB1E /* Project object */ = {
			isa = PBXProject;
			attributes = {
				LastUpgradeCheck = 0700;
				ORGANIZATIONNAME = TTL;
				TargetAttributes = {
					850623111BD5BA120014DB1E = {
						CreatedOnToolsVersion = 7.0;
						DevelopmentTeam = UN2WPZM7E9;
					};
					8506232A1BD5BA120014DB1E = {
						CreatedOnToolsVersion = 7.0;
						DevelopmentTeam = UN2WPZM7E9;
						TestTargetID = 850623111BD5BA120014DB1E;
					};
					850623351BD5BA120014DB1E = {
						CreatedOnToolsVersion = 7.0;
						DevelopmentTeam = UN2WPZM7E9;
						TestTargetID = 850623111BD5BA120014DB1E;
					};
				};
			};
			buildConfigurationList = 8506230D1BD5BA120014DB1E /* Build configuration list for PBXProject "TTLQiuBai" */;
			compatibilityVersion = "Xcode 3.2";
			developmentRegion = English;
			hasScannedForEncodings = 0;
			knownRegions = (
				en,
				Base,
			);
			mainGroup = 850623091BD5BA120014DB1E;
			productRefGroup = 850623131BD5BA120014DB1E /* Products */;
			projectDirPath = "";
			projectRoot = "";
			targets = (
				850623111BD5BA120014DB1E /* TTLQiuBai */,
				8506232A1BD5BA120014DB1E /* TTLQiuBaiTests */,
				850623351BD5BA120014DB1E /* TTLQiuBaiUITests */,
			);
		};
/* End PBXProject section */

/* Begin PBXResourcesBuildPhase section */
		850623101BD5BA120014DB1E /* Resources */ = {
			isa = PBXResourcesBuildPhase;
			buildActionMask = 2147483647;
			files = (
				850623541BD5BA5C0014DB1E /* Main.storyboard in Resources */,
				850623CC1BD5BA660014DB1E /* MBProgressHUD.bundle in Resources */,
				850623521BD5BA570014DB1E /* Info.plist in Resources */,
				850623501BD5BA520014DB1E /* Images.xcassets in Resources */,
			);
			runOnlyForDeploymentPostprocessing = 0;
		};
		850623291BD5BA120014DB1E /* Resources */ = {
			isa = PBXResourcesBuildPhase;
			buildActionMask = 2147483647;
			files = (
			);
			runOnlyForDeploymentPostprocessing = 0;
		};
		850623341BD5BA120014DB1E /* Resources */ = {
			isa = PBXResourcesBuildPhase;
			buildActionMask = 2147483647;
			files = (
			);
			runOnlyForDeploymentPostprocessing = 0;
		};
/* End PBXResourcesBuildPhase section */

/* Begin PBXSourcesBuildPhase section */
		8506230E1BD5BA120014DB1E /* Sources */ = {
			isa = PBXSourcesBuildPhase;
			buildActionMask = 2147483647;
			files = (
				850623CB1BD5BA660014DB1E /* MBProgressHUD+MJ.m in Sources */,
				850623D61BD5BA660014DB1E /* SDWebImagePrefetcher.m in Sources */,
				850623991BD5BA610014DB1E /* TTLSpecialSubViewsFrame.m in Sources */,
				850623DA1BD5BA660014DB1E /* UIImage+WebP.m in Sources */,
				850623DC1BD5BA660014DB1E /* UIImageView+WebCache.m in Sources */,
				850623D41BD5BA660014DB1E /* SDWebImageDownloaderOperation.m in Sources */,
				8506234E1BD5BA490014DB1E /* AppDelegate.m in Sources */,
				850623DB1BD5BA660014DB1E /* UIImageView+HighlightedWebCache.m in Sources */,
				850623971BD5BA610014DB1E /* TTLAriticle.m in Sources */,
				850623D21BD5BA660014DB1E /* SDWebImageDecoder.m in Sources */,
				850623CF1BD5BA660014DB1E /* NSData+ImageContentType.m in Sources */,
				850623A01BD5BA610014DB1E /* TTLVideoTableViewCell.m in Sources */,
				8506239B1BD5BA610014DB1E /* TTLArticleTableViewCell.m in Sources */,
				850623D01BD5BA660014DB1E /* SDImageCache.m in Sources */,
				850623921BD5BA610014DB1E /* TTLFindTableViewController.m in Sources */,
				850623CD1BD5BA660014DB1E /* MBProgressHUD.m in Sources */,
				850623D51BD5BA660014DB1E /* SDWebImageManager.m in Sources */,
				850623DD1BD5BA660014DB1E /* UIView+WebCacheOperation.m in Sources */,
				8506239E1BD5BA610014DB1E /* TTLNewsTableViewCell.m in Sources */,
				850623931BD5BA610014DB1E /* TTLLittleTableViewController.m in Sources */,
				850623961BD5BA610014DB1E /* TTLQiuYouTableViewController.m in Sources */,
				850623D31BD5BA660014DB1E /* SDWebImageDownloader.m in Sources */,
				850623D81BD5BA660014DB1E /* UIImage+GIF.m in Sources */,
				8506239C1BD5BA610014DB1E /* TTLEssenceTableViewCell.m in Sources */,
				8506239A1BD5BA610014DB1E /* TTLUserInfo.m in Sources */,
				850623CE1BD5BA660014DB1E /* MKAnnotationView+WebCache.m in Sources */,
				850623941BD5BA610014DB1E /* TTLMeTableViewController.m in Sources */,
				850623951BD5BA610014DB1E /* TTLQiuShiViewController.m in Sources */,
				850623D91BD5BA660014DB1E /* UIImage+MultiFormat.m in Sources */,
				8506239F1BD5BA610014DB1E /* TTLSpecialTableViewcell.m in Sources */,
				850623D11BD5BA660014DB1E /* SDWebImageCompat.m in Sources */,
				850623981BD5BA610014DB1E /* TTLArticleSubViewFrame.m in Sources */,
				8506239D1BD5BA610014DB1E /* TTLImageTableViewCell.m in Sources */,
				850623D71BD5BA660014DB1E /* UIButton+WebCache.m in Sources */,
				850623171BD5BA120014DB1E /* main.m in Sources */,
			);
			runOnlyForDeploymentPostprocessing = 0;
		};
		850623271BD5BA120014DB1E /* Sources */ = {
			isa = PBXSourcesBuildPhase;
			buildActionMask = 2147483647;
			files = (
				850623301BD5BA120014DB1E /* TTLQiuBaiTests.m in Sources */,
			);
			runOnlyForDeploymentPostprocessing = 0;
		};
		850623321BD5BA120014DB1E /* Sources */ = {
			isa = PBXSourcesBuildPhase;
			buildActionMask = 2147483647;
			files = (
				8506233B1BD5BA120014DB1E /* TTLQiuBaiUITests.m in Sources */,
			);
			runOnlyForDeploymentPostprocessing = 0;
		};
/* End PBXSourcesBuildPhase section */

/* Begin PBXTargetDependency section */
		8506232D1BD5BA120014DB1E /* PBXTargetDependency */ = {
			isa = PBXTargetDependency;
			target = 850623111BD5BA120014DB1E /* TTLQiuBai */;
			targetProxy = 8506232C1BD5BA120014DB1E /* PBXContainerItemProxy */;
		};
		850623381BD5BA120014DB1E /* PBXTargetDependency */ = {
			isa = PBXTargetDependency;
			target = 850623111BD5BA120014DB1E /* TTLQiuBai */;
			targetProxy = 850623371BD5BA120014DB1E /* PBXContainerItemProxy */;
		};
/* End PBXTargetDependency section */

/* Begin XCBuildConfiguration section */
		8506233D1BD5BA120014DB1E /* Debug */ = {
			isa = XCBuildConfiguration;
			buildSettings = {
				ALWAYS_SEARCH_USER_PATHS = NO;
				CLANG_CXX_LANGUAGE_STANDARD = "gnu++0x";
				CLANG_CXX_LIBRARY = "libc++";
				CLANG_ENABLE_MODULES = YES;
				CLANG_ENABLE_OBJC_ARC = YES;
				CLANG_WARN_BOOL_CONVERSION = YES;
				CLANG_WARN_CONSTANT_CONVERSION = YES;
				CLANG_WARN_DIRECT_OBJC_ISA_USAGE = YES_ERROR;
				CLANG_WARN_EMPTY_BODY = YES;
				CLANG_WARN_ENUM_CONVERSION = YES;
				CLANG_WARN_INT_CONVERSION = YES;
				CLANG_WARN_OBJC_ROOT_CLASS = YES_ERROR;
				CLANG_WARN_UNREACHABLE_CODE = YES;
				CLANG_WARN__DUPLICATE_METHOD_MATCH = YES;
				"CODE_SIGN_IDENTITY[sdk=iphoneos*]" = "iPhone Developer";
				COPY_PHASE_STRIP = NO;
				DEBUG_INFORMATION_FORMAT = dwarf;
				ENABLE_STRICT_OBJC_MSGSEND = YES;
				ENABLE_TESTABILITY = YES;
				GCC_C_LANGUAGE_STANDARD = gnu99;
				GCC_DYNAMIC_NO_PIC = NO;
				GCC_NO_COMMON_BLOCKS = YES;
				GCC_OPTIMIZATION_LEVEL = 0;
				GCC_PREPROCESSOR_DEFINITIONS = (
					"DEBUG=1",
					"$(inherited)",
				);
				GCC_WARN_64_TO_32_BIT_CONVERSION = YES;
				GCC_WARN_ABOUT_RETURN_TYPE = YES_ERROR;
				GCC_WARN_UNDECLARED_SELECTOR = YES;
				GCC_WARN_UNINITIALIZED_AUTOS = YES_AGGRESSIVE;
				GCC_WARN_UNUSED_FUNCTION = YES;
				GCC_WARN_UNUSED_VARIABLE = YES;
				IPHONEOS_DEPLOYMENT_TARGET = 9.0;
				MTL_ENABLE_DEBUG_INFO = YES;
				ONLY_ACTIVE_ARCH = YES;
				SDKROOT = iphoneos;
			};
			name = Debug;
		};
		8506233E1BD5BA120014DB1E /* Release */ = {
			isa = XCBuildConfiguration;
			buildSettings = {
				ALWAYS_SEARCH_USER_PATHS = NO;
				CLANG_CXX_LANGUAGE_STANDARD = "gnu++0x";
				CLANG_CXX_LIBRARY = "libc++";
				CLANG_ENABLE_MODULES = YES;
				CLANG_ENABLE_OBJC_ARC = YES;
				CLANG_WARN_BOOL_CONVERSION = YES;
				CLANG_WARN_CONSTANT_CONVERSION = YES;
				CLANG_WARN_DIRECT_OBJC_ISA_USAGE = YES_ERROR;
				CLANG_WARN_EMPTY_BODY = YES;
				CLANG_WARN_ENUM_CONVERSION = YES;
				CLANG_WARN_INT_CONVERSION = YES;
				CLANG_WARN_OBJC_ROOT_CLASS = YES_ERROR;
				CLANG_WARN_UNREACHABLE_CODE = YES;
				CLANG_WARN__DUPLICATE_METHOD_MATCH = YES;
				"CODE_SIGN_IDENTITY[sdk=iphoneos*]" = "iPhone Developer";
				COPY_PHASE_STRIP = NO;
				DEBUG_INFORMATION_FORMAT = "dwarf-with-dsym";
				ENABLE_NS_ASSERTIONS = NO;
				ENABLE_STRICT_OBJC_MSGSEND = YES;
				GCC_C_LANGUAGE_STANDARD = gnu99;
				GCC_NO_COMMON_BLOCKS = YES;
				GCC_WARN_64_TO_32_BIT_CONVERSION = YES;
				GCC_WARN_ABOUT_RETURN_TYPE = YES_ERROR;
				GCC_WARN_UNDECLARED_SELECTOR = YES;
				GCC_WARN_UNINITIALIZED_AUTOS = YES_AGGRESSIVE;
				GCC_WARN_UNUSED_FUNCTION = YES;
				GCC_WARN_UNUSED_VARIABLE = YES;
				IPHONEOS_DEPLOYMENT_TARGET = 9.0;
				MTL_ENABLE_DEBUG_INFO = NO;
				SDKROOT = iphoneos;
				VALIDATE_PRODUCT = YES;
			};
			name = Release;
		};
		850623401BD5BA120014DB1E /* Debug */ = {
			isa = XCBuildConfiguration;
			buildSettings = {
				ASSETCATALOG_COMPILER_APPICON_NAME = AppIcon;
				INFOPLIST_FILE = TTLQiuBai/Info.plist;
				LD_RUNPATH_SEARCH_PATHS = "$(inherited) @executable_path/Frameworks";
				PRODUCT_BUNDLE_IDENTIFIER = com.ttl.TTLQiuBai;
				PRODUCT_NAME = "$(TARGET_NAME)";
			};
			name = Debug;
		};
		850623411BD5BA120014DB1E /* Release */ = {
			isa = XCBuildConfiguration;
			buildSettings = {
				ASSETCATALOG_COMPILER_APPICON_NAME = AppIcon;
				INFOPLIST_FILE = TTLQiuBai/Info.plist;
				LD_RUNPATH_SEARCH_PATHS = "$(inherited) @executable_path/Frameworks";
				PRODUCT_BUNDLE_IDENTIFIER = com.ttl.TTLQiuBai;
				PRODUCT_NAME = "$(TARGET_NAME)";
			};
			name = Release;
		};
		850623431BD5BA120014DB1E /* Debug */ = {
			isa = XCBuildConfiguration;
			buildSettings = {
				BUNDLE_LOADER = "$(TEST_HOST)";
				INFOPLIST_FILE = TTLQiuBaiTests/Info.plist;
				LD_RUNPATH_SEARCH_PATHS = "$(inherited) @executable_path/Frameworks @loader_path/Frameworks";
				PRODUCT_BUNDLE_IDENTIFIER = com.ttl.TTLQiuBaiTests;
				PRODUCT_NAME = "$(TARGET_NAME)";
				TEST_HOST = "$(BUILT_PRODUCTS_DIR)/TTLQiuBai.app/TTLQiuBai";
			};
			name = Debug;
		};
		850623441BD5BA120014DB1E /* Release */ = {
			isa = XCBuildConfiguration;
			buildSettings = {
				BUNDLE_LOADER = "$(TEST_HOST)";
				INFOPLIST_FILE = TTLQiuBaiTests/Info.plist;
				LD_RUNPATH_SEARCH_PATHS = "$(inherited) @executable_path/Frameworks @loader_path/Frameworks";
				PRODUCT_BUNDLE_IDENTIFIER = com.ttl.TTLQiuBaiTests;
				PRODUCT_NAME = "$(TARGET_NAME)";
				TEST_HOST = "$(BUILT_PRODUCTS_DIR)/TTLQiuBai.app/TTLQiuBai";
			};
			name = Release;
		};
		850623461BD5BA120014DB1E /* Debug */ = {
			isa = XCBuildConfiguration;
			buildSettings = {
				INFOPLIST_FILE = TTLQiuBaiUITests/Info.plist;
				LD_RUNPATH_SEARCH_PATHS = "$(inherited) @executable_path/Frameworks @loader_path/Frameworks";
				PRODUCT_BUNDLE_IDENTIFIER = com.ttl.TTLQiuBaiUITests;
				PRODUCT_NAME = "$(TARGET_NAME)";
				TEST_TARGET_NAME = TTLQiuBai;
				USES_XCTRUNNER = YES;
			};
			name = Debug;
		};
		850623471BD5BA120014DB1E /* Release */ = {
			isa = XCBuildConfiguration;
			buildSettings = {
				INFOPLIST_FILE = TTLQiuBaiUITests/Info.plist;
				LD_RUNPATH_SEARCH_PATHS = "$(inherited) @executable_path/Frameworks @loader_path/Frameworks";
				PRODUCT_BUNDLE_IDENTIFIER = com.ttl.TTLQiuBaiUITests;
				PRODUCT_NAME = "$(TARGET_NAME)";
				TEST_TARGET_NAME = TTLQiuBai;
				USES_XCTRUNNER = YES;
			};
			name = Release;
		};
/* End XCBuildConfiguration section */

/* Begin XCConfigurationList section */
		8506230D1BD5BA120014DB1E /* Build configuration list for PBXProject "TTLQiuBai" */ = {
			isa = XCConfigurationList;
			buildConfigurations = (
				8506233D1BD5BA120014DB1E /* Debug */,
				8506233E1BD5BA120014DB1E /* Release */,
			);
			defaultConfigurationIsVisible = 0;
			defaultConfigurationName = Release;
		};
		8506233F1BD5BA120014DB1E /* Build configuration list for PBXNativeTarget "TTLQiuBai" */ = {
			isa = XCConfigurationList;
			buildConfigurations = (
				850623401BD5BA120014DB1E /* Debug */,
				850623411BD5BA120014DB1E /* Release */,
			);
			defaultConfigurationIsVisible = 0;
			defaultConfigurationName = Release;
		};
		850623421BD5BA120014DB1E /* Build configuration list for PBXNativeTarget "TTLQiuBaiTests" */ = {
			isa = XCConfigurationList;
			buildConfigurations = (
				850623431BD5BA120014DB1E /* Debug */,
				850623441BD5BA120014DB1E /* Release */,
			);
			defaultConfigurationIsVisible = 0;
			defaultConfigurationName = Release;
		};
		850623451BD5BA120014DB1E /* Build configuration list for PBXNativeTarget "TTLQiuBaiUITests" */ = {
			isa = XCConfigurationList;
			buildConfigurations = (
				850623461BD5BA120014DB1E /* Debug */,
				850623471BD5BA120014DB1E /* Release */,
			);
			defaultConfigurationIsVisible = 0;
			defaultConfigurationName = Release;
		};
/* End XCConfigurationList section */
	};
	rootObject = 8506230A1BD5BA120014DB1E /* Project object */;
}
